{
    "version": 3,
    "terraform_version": "0.11.14",
    "serial": 1,
    "lineage": "399648f7-98da-9600-82ef-64aa64a747ac",
    "modules": [
        {
            "path": [
                "root"
            ],
            "outputs": {
                "bastion_autoscaling_group_ids": {
                    "sensitive": false,
                    "type": "list",
                    "value": [
                        "bastions.devbootcamp.com"
                    ]
                },
                "bastion_security_group_ids": {
                    "sensitive": false,
                    "type": "list",
                    "value": [
                        "sg-0eeb67197a2378a7c"
                    ]
                },
                "bastions_role_arn": {
                    "sensitive": false,
                    "type": "string",
                    "value": "arn:aws:iam::713287746880:role/bastions.devbootcamp.com"
                },
                "bastions_role_name": {
                    "sensitive": false,
                    "type": "string",
                    "value": "bastions.devbootcamp.com"
                },
                "cluster_name": {
                    "sensitive": false,
                    "type": "string",
                    "value": "devbootcamp.com"
                },
                "master_autoscaling_group_ids": {
                    "sensitive": false,
                    "type": "list",
                    "value": [
                        "master-eu-west-1a.masters.devbootcamp.com",
                        "master-eu-west-1b.masters.devbootcamp.com",
                        "master-eu-west-1c.masters.devbootcamp.com"
                    ]
                },
                "master_security_group_ids": {
                    "sensitive": false,
                    "type": "list",
                    "value": [
                        "sg-0e53d40f2754ab091"
                    ]
                },
                "masters_role_arn": {
                    "sensitive": false,
                    "type": "string",
                    "value": "arn:aws:iam::713287746880:role/masters.devbootcamp.com"
                },
                "masters_role_name": {
                    "sensitive": false,
                    "type": "string",
                    "value": "masters.devbootcamp.com"
                },
                "node_autoscaling_group_ids": {
                    "sensitive": false,
                    "type": "list",
                    "value": [
                        "nodes.devbootcamp.com"
                    ]
                },
                "node_security_group_ids": {
                    "sensitive": false,
                    "type": "list",
                    "value": [
                        "sg-0c1bb4548d571e7d2"
                    ]
                },
                "node_subnet_ids": {
                    "sensitive": false,
                    "type": "list",
                    "value": [
                        "subnet-086c7d9739d6dbeca",
                        "subnet-08d538798b67fa850",
                        "subnet-0c1ea0d0851409c44"
                    ]
                },
                "nodes_role_arn": {
                    "sensitive": false,
                    "type": "string",
                    "value": "arn:aws:iam::713287746880:role/nodes.devbootcamp.com"
                },
                "nodes_role_name": {
                    "sensitive": false,
                    "type": "string",
                    "value": "nodes.devbootcamp.com"
                },
                "region": {
                    "sensitive": false,
                    "type": "string",
                    "value": "eu-west-1"
                },
                "route_table_private-eu-west-1a_id": {
                    "sensitive": false,
                    "type": "string",
                    "value": "rtb-081132f56ec3752ad"
                },
                "route_table_private-eu-west-1b_id": {
                    "sensitive": false,
                    "type": "string",
                    "value": "rtb-09f0d99e510f689a1"
                },
                "route_table_private-eu-west-1c_id": {
                    "sensitive": false,
                    "type": "string",
                    "value": "rtb-08f64fb70e6f6972d"
                },
                "route_table_public_id": {
                    "sensitive": false,
                    "type": "string",
                    "value": "rtb-0f882c6684075fac0"
                },
                "subnet_eu-west-1a_id": {
                    "sensitive": false,
                    "type": "string",
                    "value": "subnet-086c7d9739d6dbeca"
                },
                "subnet_eu-west-1b_id": {
                    "sensitive": false,
                    "type": "string",
                    "value": "subnet-08d538798b67fa850"
                },
                "subnet_eu-west-1c_id": {
                    "sensitive": false,
                    "type": "string",
                    "value": "subnet-0c1ea0d0851409c44"
                },
                "subnet_utility-eu-west-1a_id": {
                    "sensitive": false,
                    "type": "string",
                    "value": "subnet-061b5cb603f271f28"
                },
                "subnet_utility-eu-west-1b_id": {
                    "sensitive": false,
                    "type": "string",
                    "value": "subnet-051feb8679a1b0327"
                },
                "subnet_utility-eu-west-1c_id": {
                    "sensitive": false,
                    "type": "string",
                    "value": "subnet-0a3a20fbe6ff1ed52"
                },
                "vpc_cidr_block": {
                    "sensitive": false,
                    "type": "string",
                    "value": "172.20.0.0/16"
                },
                "vpc_id": {
                    "sensitive": false,
                    "type": "string",
                    "value": "vpc-07731b3b065dc282d"
                }
            },
            "resources": {
                "aws_autoscaling_attachment.bastions-devbootcamp-com": {
                    "type": "aws_autoscaling_attachment",
                    "depends_on": [
                        "aws_autoscaling_group.bastions-devbootcamp-com",
                        "aws_elb.bastion-devbootcamp-com"
                    ],
                    "primary": {
                        "id": "bastions.devbootcamp.com-20190719231208010400000009",
                        "attributes": {
                            "autoscaling_group_name": "bastions.devbootcamp.com",
                            "elb": "bastion-devbootcamp-com-7kcvto",
                            "id": "bastions.devbootcamp.com-20190719231208010400000009"
                        },
                        "meta": {},
                        "tainted": false
                    },
                    "deposed": [],
                    "provider": "provider.aws"
                },
                "aws_autoscaling_attachment.master-eu-west-1a-masters-devbootcamp-com": {
                    "type": "aws_autoscaling_attachment",
                    "depends_on": [
                        "aws_autoscaling_group.master-eu-west-1a-masters-devbootcamp-com",
                        "aws_elb.api-devbootcamp-com"
                    ],
                    "primary": {
                        "id": "master-eu-west-1a.masters.devbootcamp.com-20190719231139589100000008",
                        "attributes": {
                            "autoscaling_group_name": "master-eu-west-1a.masters.devbootcamp.com",
                            "elb": "api-devbootcamp-com-6o5l9i",
                            "id": "master-eu-west-1a.masters.devbootcamp.com-20190719231139589100000008"
                        },
                        "meta": {},
                        "tainted": false
                    },
                    "deposed": [],
                    "provider": "provider.aws"
                },
                "aws_autoscaling_attachment.master-eu-west-1b-masters-devbootcamp-com": {
                    "type": "aws_autoscaling_attachment",
                    "depends_on": [
                        "aws_autoscaling_group.master-eu-west-1b-masters-devbootcamp-com",
                        "aws_elb.api-devbootcamp-com"
                    ],
                    "primary": {
                        "id": "master-eu-west-1b.masters.devbootcamp.com-20190719231139371900000007",
                        "attributes": {
                            "autoscaling_group_name": "master-eu-west-1b.masters.devbootcamp.com",
                            "elb": "api-devbootcamp-com-6o5l9i",
                            "id": "master-eu-west-1b.masters.devbootcamp.com-20190719231139371900000007"
                        },
                        "meta": {},
                        "tainted": false
                    },
                    "deposed": [],
                    "provider": "provider.aws"
                },
                "aws_autoscaling_attachment.master-eu-west-1c-masters-devbootcamp-com": {
                    "type": "aws_autoscaling_attachment",
                    "depends_on": [
                        "aws_autoscaling_group.master-eu-west-1c-masters-devbootcamp-com",
                        "aws_elb.api-devbootcamp-com"
                    ],
                    "primary": {
                        "id": "master-eu-west-1c.masters.devbootcamp.com-20190719231139142500000006",
                        "attributes": {
                            "autoscaling_group_name": "master-eu-west-1c.masters.devbootcamp.com",
                            "elb": "api-devbootcamp-com-6o5l9i",
                            "id": "master-eu-west-1c.masters.devbootcamp.com-20190719231139142500000006"
                        },
                        "meta": {},
                        "tainted": false
                    },
                    "deposed": [],
                    "provider": "provider.aws"
                },
                "aws_autoscaling_group.bastions-devbootcamp-com": {
                    "type": "aws_autoscaling_group",
                    "depends_on": [
                        "aws_launch_configuration.bastions-devbootcamp-com",
                        "aws_subnet.utility-eu-west-1a-devbootcamp-com",
                        "aws_subnet.utility-eu-west-1b-devbootcamp-com",
                        "aws_subnet.utility-eu-west-1c-devbootcamp-com"
                    ],
                    "primary": {
                        "id": "bastions.devbootcamp.com",
                        "attributes": {
                            "arn": "arn:aws:autoscaling:eu-west-1:713287746880:autoScalingGroup:70c4bd50-f990-42e7-b030-f6c41483b713:autoScalingGroupName/bastions.devbootcamp.com",
                            "availability_zones.#": "3",
                            "availability_zones.1924028850": "eu-west-1b",
                            "availability_zones.3953592328": "eu-west-1a",
                            "availability_zones.94988580": "eu-west-1c",
                            "default_cooldown": "300",
                            "desired_capacity": "1",
                            "enabled_metrics.#": "8",
                            "enabled_metrics.119681000": "GroupStandbyInstances",
                            "enabled_metrics.1940933563": "GroupTotalInstances",
                            "enabled_metrics.308948767": "GroupPendingInstances",
                            "enabled_metrics.3267518000": "GroupTerminatingInstances",
                            "enabled_metrics.3394537085": "GroupDesiredCapacity",
                            "enabled_metrics.3551801763": "GroupInServiceInstances",
                            "enabled_metrics.4118539418": "GroupMinSize",
                            "enabled_metrics.4136111317": "GroupMaxSize",
                            "force_delete": "false",
                            "health_check_grace_period": "300",
                            "health_check_type": "EC2",
                            "id": "bastions.devbootcamp.com",
                            "launch_configuration": "bastions.devbootcamp.com-20190719231050132100000005",
                            "launch_template.#": "0",
                            "load_balancers.#": "0",
                            "max_size": "1",
                            "metrics_granularity": "1Minute",
                            "min_size": "1",
                            "mixed_instances_policy.#": "0",
                            "name": "bastions.devbootcamp.com",
                            "placement_group": "",
                            "protect_from_scale_in": "false",
                            "service_linked_role_arn": "arn:aws:iam::713287746880:role/aws-service-role/autoscaling.amazonaws.com/AWSServiceRoleForAutoScaling",
                            "suspended_processes.#": "0",
                            "tag.#": "4",
                            "tag.3217415082.key": "k8s.io/role/bastion",
                            "tag.3217415082.propagate_at_launch": "true",
                            "tag.3217415082.value": "1",
                            "tag.3353936350.key": "KubernetesCluster",
                            "tag.3353936350.propagate_at_launch": "true",
                            "tag.3353936350.value": "devbootcamp.com",
                            "tag.3751126233.key": "k8s.io/cluster-autoscaler/node-template/label/kops.k8s.io/instancegroup",
                            "tag.3751126233.propagate_at_launch": "true",
                            "tag.3751126233.value": "bastions",
                            "tag.558919849.key": "Name",
                            "tag.558919849.propagate_at_launch": "true",
                            "tag.558919849.value": "bastions.devbootcamp.com",
                            "target_group_arns.#": "0",
                            "termination_policies.#": "0",
                            "vpc_zone_identifier.#": "3",
                            "vpc_zone_identifier.2363407933": "subnet-0a3a20fbe6ff1ed52",
                            "vpc_zone_identifier.3677112108": "subnet-061b5cb603f271f28",
                            "vpc_zone_identifier.3882051918": "subnet-051feb8679a1b0327",
                            "wait_for_capacity_timeout": "10m"
                        },
                        "meta": {
                            "e2bfb730-ecaa-11e6-8f88-34363bc7c4c0": {
                                "delete": 600000000000
                            }
                        },
                        "tainted": false
                    },
                    "deposed": [],
                    "provider": "provider.aws"
                },
                "aws_autoscaling_group.master-eu-west-1a-masters-devbootcamp-com": {
                    "type": "aws_autoscaling_group",
                    "depends_on": [
                        "aws_launch_configuration.master-eu-west-1a-masters-devbootcamp-com",
                        "aws_subnet.eu-west-1a-devbootcamp-com"
                    ],
                    "primary": {
                        "id": "master-eu-west-1a.masters.devbootcamp.com",
                        "attributes": {
                            "arn": "arn:aws:autoscaling:eu-west-1:713287746880:autoScalingGroup:369e39b4-90d8-4785-b632-65c25dbe2cc4:autoScalingGroupName/master-eu-west-1a.masters.devbootcamp.com",
                            "availability_zones.#": "1",
                            "availability_zones.3953592328": "eu-west-1a",
                            "default_cooldown": "300",
                            "desired_capacity": "1",
                            "enabled_metrics.#": "8",
                            "enabled_metrics.119681000": "GroupStandbyInstances",
                            "enabled_metrics.1940933563": "GroupTotalInstances",
                            "enabled_metrics.308948767": "GroupPendingInstances",
                            "enabled_metrics.3267518000": "GroupTerminatingInstances",
                            "enabled_metrics.3394537085": "GroupDesiredCapacity",
                            "enabled_metrics.3551801763": "GroupInServiceInstances",
                            "enabled_metrics.4118539418": "GroupMinSize",
                            "enabled_metrics.4136111317": "GroupMaxSize",
                            "force_delete": "false",
                            "health_check_grace_period": "300",
                            "health_check_type": "EC2",
                            "id": "master-eu-west-1a.masters.devbootcamp.com",
                            "launch_configuration": "master-eu-west-1a.masters.devbootcamp.com-20190719231042438000000003",
                            "launch_template.#": "0",
                            "load_balancers.#": "0",
                            "max_size": "1",
                            "metrics_granularity": "1Minute",
                            "min_size": "1",
                            "mixed_instances_policy.#": "0",
                            "name": "master-eu-west-1a.masters.devbootcamp.com",
                            "placement_group": "",
                            "protect_from_scale_in": "false",
                            "service_linked_role_arn": "arn:aws:iam::713287746880:role/aws-service-role/autoscaling.amazonaws.com/AWSServiceRoleForAutoScaling",
                            "suspended_processes.#": "0",
                            "tag.#": "4",
                            "tag.1601041186.key": "k8s.io/role/master",
                            "tag.1601041186.propagate_at_launch": "true",
                            "tag.1601041186.value": "1",
                            "tag.1786777050.key": "k8s.io/cluster-autoscaler/node-template/label/kops.k8s.io/instancegroup",
                            "tag.1786777050.propagate_at_launch": "true",
                            "tag.1786777050.value": "master-eu-west-1a",
                            "tag.3303937412.key": "Name",
                            "tag.3303937412.propagate_at_launch": "true",
                            "tag.3303937412.value": "master-eu-west-1a.masters.devbootcamp.com",
                            "tag.3353936350.key": "KubernetesCluster",
                            "tag.3353936350.propagate_at_launch": "true",
                            "tag.3353936350.value": "devbootcamp.com",
                            "target_group_arns.#": "0",
                            "termination_policies.#": "0",
                            "vpc_zone_identifier.#": "1",
                            "vpc_zone_identifier.3961548552": "subnet-086c7d9739d6dbeca",
                            "wait_for_capacity_timeout": "10m"
                        },
                        "meta": {
                            "e2bfb730-ecaa-11e6-8f88-34363bc7c4c0": {
                                "delete": 600000000000
                            }
                        },
                        "tainted": false
                    },
                    "deposed": [],
                    "provider": "provider.aws"
                },
                "aws_autoscaling_group.master-eu-west-1b-masters-devbootcamp-com": {
                    "type": "aws_autoscaling_group",
                    "depends_on": [
                        "aws_launch_configuration.master-eu-west-1b-masters-devbootcamp-com",
                        "aws_subnet.eu-west-1b-devbootcamp-com"
                    ],
                    "primary": {
                        "id": "master-eu-west-1b.masters.devbootcamp.com",
                        "attributes": {
                            "arn": "arn:aws:autoscaling:eu-west-1:713287746880:autoScalingGroup:f705e89c-b754-414b-aa96-fd8ef838f8a3:autoScalingGroupName/master-eu-west-1b.masters.devbootcamp.com",
                            "availability_zones.#": "1",
                            "availability_zones.1924028850": "eu-west-1b",
                            "default_cooldown": "300",
                            "desired_capacity": "1",
                            "enabled_metrics.#": "8",
                            "enabled_metrics.119681000": "GroupStandbyInstances",
                            "enabled_metrics.1940933563": "GroupTotalInstances",
                            "enabled_metrics.308948767": "GroupPendingInstances",
                            "enabled_metrics.3267518000": "GroupTerminatingInstances",
                            "enabled_metrics.3394537085": "GroupDesiredCapacity",
                            "enabled_metrics.3551801763": "GroupInServiceInstances",
                            "enabled_metrics.4118539418": "GroupMinSize",
                            "enabled_metrics.4136111317": "GroupMaxSize",
                            "force_delete": "false",
                            "health_check_grace_period": "300",
                            "health_check_type": "EC2",
                            "id": "master-eu-west-1b.masters.devbootcamp.com",
                            "launch_configuration": "master-eu-west-1b.masters.devbootcamp.com-20190719231042247000000002",
                            "launch_template.#": "0",
                            "load_balancers.#": "0",
                            "max_size": "1",
                            "metrics_granularity": "1Minute",
                            "min_size": "1",
                            "mixed_instances_policy.#": "0",
                            "name": "master-eu-west-1b.masters.devbootcamp.com",
                            "placement_group": "",
                            "protect_from_scale_in": "false",
                            "service_linked_role_arn": "arn:aws:iam::713287746880:role/aws-service-role/autoscaling.amazonaws.com/AWSServiceRoleForAutoScaling",
                            "suspended_processes.#": "0",
                            "tag.#": "4",
                            "tag.1533548359.key": "k8s.io/cluster-autoscaler/node-template/label/kops.k8s.io/instancegroup",
                            "tag.1533548359.propagate_at_launch": "true",
                            "tag.1533548359.value": "master-eu-west-1b",
                            "tag.1601041186.key": "k8s.io/role/master",
                            "tag.1601041186.propagate_at_launch": "true",
                            "tag.1601041186.value": "1",
                            "tag.3353936350.key": "KubernetesCluster",
                            "tag.3353936350.propagate_at_launch": "true",
                            "tag.3353936350.value": "devbootcamp.com",
                            "tag.3620089079.key": "Name",
                            "tag.3620089079.propagate_at_launch": "true",
                            "tag.3620089079.value": "master-eu-west-1b.masters.devbootcamp.com",
                            "target_group_arns.#": "0",
                            "termination_policies.#": "0",
                            "vpc_zone_identifier.#": "1",
                            "vpc_zone_identifier.2836552837": "subnet-08d538798b67fa850",
                            "wait_for_capacity_timeout": "10m"
                        },
                        "meta": {
                            "e2bfb730-ecaa-11e6-8f88-34363bc7c4c0": {
                                "delete": 600000000000
                            }
                        },
                        "tainted": false
                    },
                    "deposed": [],
                    "provider": "provider.aws"
                },
                "aws_autoscaling_group.master-eu-west-1c-masters-devbootcamp-com": {
                    "type": "aws_autoscaling_group",
                    "depends_on": [
                        "aws_launch_configuration.master-eu-west-1c-masters-devbootcamp-com",
                        "aws_subnet.eu-west-1c-devbootcamp-com"
                    ],
                    "primary": {
                        "id": "master-eu-west-1c.masters.devbootcamp.com",
                        "attributes": {
                            "arn": "arn:aws:autoscaling:eu-west-1:713287746880:autoScalingGroup:c8764631-6f8f-40c5-9c48-25bec8314020:autoScalingGroupName/master-eu-west-1c.masters.devbootcamp.com",
                            "availability_zones.#": "1",
                            "availability_zones.94988580": "eu-west-1c",
                            "default_cooldown": "300",
                            "desired_capacity": "1",
                            "enabled_metrics.#": "8",
                            "enabled_metrics.119681000": "GroupStandbyInstances",
                            "enabled_metrics.1940933563": "GroupTotalInstances",
                            "enabled_metrics.308948767": "GroupPendingInstances",
                            "enabled_metrics.3267518000": "GroupTerminatingInstances",
                            "enabled_metrics.3394537085": "GroupDesiredCapacity",
                            "enabled_metrics.3551801763": "GroupInServiceInstances",
                            "enabled_metrics.4118539418": "GroupMinSize",
                            "enabled_metrics.4136111317": "GroupMaxSize",
                            "force_delete": "false",
                            "health_check_grace_period": "300",
                            "health_check_type": "EC2",
                            "id": "master-eu-west-1c.masters.devbootcamp.com",
                            "launch_configuration": "master-eu-west-1c.masters.devbootcamp.com-20190719231042017300000001",
                            "launch_template.#": "0",
                            "load_balancers.#": "0",
                            "max_size": "1",
                            "metrics_granularity": "1Minute",
                            "min_size": "1",
                            "mixed_instances_policy.#": "0",
                            "name": "master-eu-west-1c.masters.devbootcamp.com",
                            "placement_group": "",
                            "protect_from_scale_in": "false",
                            "service_linked_role_arn": "arn:aws:iam::713287746880:role/aws-service-role/autoscaling.amazonaws.com/AWSServiceRoleForAutoScaling",
                            "suspended_processes.#": "0",
                            "tag.#": "4",
                            "tag.1601041186.key": "k8s.io/role/master",
                            "tag.1601041186.propagate_at_launch": "true",
                            "tag.1601041186.value": "1",
                            "tag.3353936350.key": "KubernetesCluster",
                            "tag.3353936350.propagate_at_launch": "true",
                            "tag.3353936350.value": "devbootcamp.com",
                            "tag.3642868774.key": "Name",
                            "tag.3642868774.propagate_at_launch": "true",
                            "tag.3642868774.value": "master-eu-west-1c.masters.devbootcamp.com",
                            "tag.4246674675.key": "k8s.io/cluster-autoscaler/node-template/label/kops.k8s.io/instancegroup",
                            "tag.4246674675.propagate_at_launch": "true",
                            "tag.4246674675.value": "master-eu-west-1c",
                            "target_group_arns.#": "0",
                            "termination_policies.#": "0",
                            "vpc_zone_identifier.#": "1",
                            "vpc_zone_identifier.146003331": "subnet-0c1ea0d0851409c44",
                            "wait_for_capacity_timeout": "10m"
                        },
                        "meta": {
                            "e2bfb730-ecaa-11e6-8f88-34363bc7c4c0": {
                                "delete": 600000000000
                            }
                        },
                        "tainted": false
                    },
                    "deposed": [],
                    "provider": "provider.aws"
                },
                "aws_autoscaling_group.nodes-devbootcamp-com": {
                    "type": "aws_autoscaling_group",
                    "depends_on": [
                        "aws_launch_configuration.nodes-devbootcamp-com",
                        "aws_subnet.eu-west-1a-devbootcamp-com",
                        "aws_subnet.eu-west-1b-devbootcamp-com",
                        "aws_subnet.eu-west-1c-devbootcamp-com"
                    ],
                    "primary": {
                        "id": "nodes.devbootcamp.com",
                        "attributes": {
                            "arn": "arn:aws:autoscaling:eu-west-1:713287746880:autoScalingGroup:7cab852e-3518-4c33-bf6d-1e5f6681134d:autoScalingGroupName/nodes.devbootcamp.com",
                            "availability_zones.#": "3",
                            "availability_zones.1924028850": "eu-west-1b",
                            "availability_zones.3953592328": "eu-west-1a",
                            "availability_zones.94988580": "eu-west-1c",
                            "default_cooldown": "300",
                            "desired_capacity": "2",
                            "enabled_metrics.#": "8",
                            "enabled_metrics.119681000": "GroupStandbyInstances",
                            "enabled_metrics.1940933563": "GroupTotalInstances",
                            "enabled_metrics.308948767": "GroupPendingInstances",
                            "enabled_metrics.3267518000": "GroupTerminatingInstances",
                            "enabled_metrics.3394537085": "GroupDesiredCapacity",
                            "enabled_metrics.3551801763": "GroupInServiceInstances",
                            "enabled_metrics.4118539418": "GroupMinSize",
                            "enabled_metrics.4136111317": "GroupMaxSize",
                            "force_delete": "false",
                            "health_check_grace_period": "300",
                            "health_check_type": "EC2",
                            "id": "nodes.devbootcamp.com",
                            "launch_configuration": "nodes.devbootcamp.com-20190719231048807200000004",
                            "launch_template.#": "0",
                            "load_balancers.#": "0",
                            "max_size": "2",
                            "metrics_granularity": "1Minute",
                            "min_size": "2",
                            "mixed_instances_policy.#": "0",
                            "name": "nodes.devbootcamp.com",
                            "placement_group": "",
                            "protect_from_scale_in": "false",
                            "service_linked_role_arn": "arn:aws:iam::713287746880:role/aws-service-role/autoscaling.amazonaws.com/AWSServiceRoleForAutoScaling",
                            "suspended_processes.#": "0",
                            "tag.#": "4",
                            "tag.145183786.key": "Name",
                            "tag.145183786.propagate_at_launch": "true",
                            "tag.145183786.value": "nodes.devbootcamp.com",
                            "tag.1967977115.key": "k8s.io/role/node",
                            "tag.1967977115.propagate_at_launch": "true",
                            "tag.1967977115.value": "1",
                            "tag.3353936350.key": "KubernetesCluster",
                            "tag.3353936350.propagate_at_launch": "true",
                            "tag.3353936350.value": "devbootcamp.com",
                            "tag.859419842.key": "k8s.io/cluster-autoscaler/node-template/label/kops.k8s.io/instancegroup",
                            "tag.859419842.propagate_at_launch": "true",
                            "tag.859419842.value": "nodes",
                            "target_group_arns.#": "0",
                            "termination_policies.#": "0",
                            "vpc_zone_identifier.#": "3",
                            "vpc_zone_identifier.146003331": "subnet-0c1ea0d0851409c44",
                            "vpc_zone_identifier.2836552837": "subnet-08d538798b67fa850",
                            "vpc_zone_identifier.3961548552": "subnet-086c7d9739d6dbeca",
                            "wait_for_capacity_timeout": "10m"
                        },
                        "meta": {
                            "e2bfb730-ecaa-11e6-8f88-34363bc7c4c0": {
                                "delete": 600000000000
                            }
                        },
                        "tainted": false
                    },
                    "deposed": [],
                    "provider": "provider.aws"
                },
                "aws_ebs_volume.a-etcd-events-devbootcamp-com": {
                    "type": "aws_ebs_volume",
                    "depends_on": [],
                    "primary": {
                        "id": "vol-00e5ad2f368cd58ed",
                        "attributes": {
                            "arn": "arn:aws:ec2:eu-west-1:713287746880:volume/vol-00e5ad2f368cd58ed",
                            "availability_zone": "eu-west-1a",
                            "encrypted": "false",
                            "id": "vol-00e5ad2f368cd58ed",
                            "iops": "100",
                            "kms_key_id": "",
                            "size": "20",
                            "snapshot_id": "",
                            "tags.%": "5",
                            "tags.KubernetesCluster": "devbootcamp.com",
                            "tags.Name": "a.etcd-events.devbootcamp.com",
                            "tags.k8s.io/etcd/events": "a/a,b,c",
                            "tags.k8s.io/role/master": "1",
                            "tags.kubernetes.io/cluster/devbootcamp.com": "owned",
                            "type": "gp2"
                        },
                        "meta": {},
                        "tainted": false
                    },
                    "deposed": [],
                    "provider": "provider.aws"
                },
                "aws_ebs_volume.a-etcd-main-devbootcamp-com": {
                    "type": "aws_ebs_volume",
                    "depends_on": [],
                    "primary": {
                        "id": "vol-0d91e6f6d83790370",
                        "attributes": {
                            "arn": "arn:aws:ec2:eu-west-1:713287746880:volume/vol-0d91e6f6d83790370",
                            "availability_zone": "eu-west-1a",
                            "encrypted": "false",
                            "id": "vol-0d91e6f6d83790370",
                            "iops": "100",
                            "kms_key_id": "",
                            "size": "20",
                            "snapshot_id": "",
                            "tags.%": "5",
                            "tags.KubernetesCluster": "devbootcamp.com",
                            "tags.Name": "a.etcd-main.devbootcamp.com",
                            "tags.k8s.io/etcd/main": "a/a,b,c",
                            "tags.k8s.io/role/master": "1",
                            "tags.kubernetes.io/cluster/devbootcamp.com": "owned",
                            "type": "gp2"
                        },
                        "meta": {},
                        "tainted": false
                    },
                    "deposed": [],
                    "provider": "provider.aws"
                },
                "aws_ebs_volume.b-etcd-events-devbootcamp-com": {
                    "type": "aws_ebs_volume",
                    "depends_on": [],
                    "primary": {
                        "id": "vol-0065698f74bd6e465",
                        "attributes": {
                            "arn": "arn:aws:ec2:eu-west-1:713287746880:volume/vol-0065698f74bd6e465",
                            "availability_zone": "eu-west-1b",
                            "encrypted": "false",
                            "id": "vol-0065698f74bd6e465",
                            "iops": "100",
                            "kms_key_id": "",
                            "size": "20",
                            "snapshot_id": "",
                            "tags.%": "5",
                            "tags.KubernetesCluster": "devbootcamp.com",
                            "tags.Name": "b.etcd-events.devbootcamp.com",
                            "tags.k8s.io/etcd/events": "b/a,b,c",
                            "tags.k8s.io/role/master": "1",
                            "tags.kubernetes.io/cluster/devbootcamp.com": "owned",
                            "type": "gp2"
                        },
                        "meta": {},
                        "tainted": false
                    },
                    "deposed": [],
                    "provider": "provider.aws"
                },
                "aws_ebs_volume.b-etcd-main-devbootcamp-com": {
                    "type": "aws_ebs_volume",
                    "depends_on": [],
                    "primary": {
                        "id": "vol-0b6d482c99985fcfe",
                        "attributes": {
                            "arn": "arn:aws:ec2:eu-west-1:713287746880:volume/vol-0b6d482c99985fcfe",
                            "availability_zone": "eu-west-1b",
                            "encrypted": "false",
                            "id": "vol-0b6d482c99985fcfe",
                            "iops": "100",
                            "kms_key_id": "",
                            "size": "20",
                            "snapshot_id": "",
                            "tags.%": "5",
                            "tags.KubernetesCluster": "devbootcamp.com",
                            "tags.Name": "b.etcd-main.devbootcamp.com",
                            "tags.k8s.io/etcd/main": "b/a,b,c",
                            "tags.k8s.io/role/master": "1",
                            "tags.kubernetes.io/cluster/devbootcamp.com": "owned",
                            "type": "gp2"
                        },
                        "meta": {},
                        "tainted": false
                    },
                    "deposed": [],
                    "provider": "provider.aws"
                },
                "aws_ebs_volume.c-etcd-events-devbootcamp-com": {
                    "type": "aws_ebs_volume",
                    "depends_on": [],
                    "primary": {
                        "id": "vol-06d59d57b3959d285",
                        "attributes": {
                            "arn": "arn:aws:ec2:eu-west-1:713287746880:volume/vol-06d59d57b3959d285",
                            "availability_zone": "eu-west-1c",
                            "encrypted": "false",
                            "id": "vol-06d59d57b3959d285",
                            "iops": "100",
                            "kms_key_id": "",
                            "size": "20",
                            "snapshot_id": "",
                            "tags.%": "5",
                            "tags.KubernetesCluster": "devbootcamp.com",
                            "tags.Name": "c.etcd-events.devbootcamp.com",
                            "tags.k8s.io/etcd/events": "c/a,b,c",
                            "tags.k8s.io/role/master": "1",
                            "tags.kubernetes.io/cluster/devbootcamp.com": "owned",
                            "type": "gp2"
                        },
                        "meta": {},
                        "tainted": false
                    },
                    "deposed": [],
                    "provider": "provider.aws"
                },
                "aws_ebs_volume.c-etcd-main-devbootcamp-com": {
                    "type": "aws_ebs_volume",
                    "depends_on": [],
                    "primary": {
                        "id": "vol-0dff29b6b5c8c5e6f",
                        "attributes": {
                            "arn": "arn:aws:ec2:eu-west-1:713287746880:volume/vol-0dff29b6b5c8c5e6f",
                            "availability_zone": "eu-west-1c",
                            "encrypted": "false",
                            "id": "vol-0dff29b6b5c8c5e6f",
                            "iops": "100",
                            "kms_key_id": "",
                            "size": "20",
                            "snapshot_id": "",
                            "tags.%": "5",
                            "tags.KubernetesCluster": "devbootcamp.com",
                            "tags.Name": "c.etcd-main.devbootcamp.com",
                            "tags.k8s.io/etcd/main": "c/a,b,c",
                            "tags.k8s.io/role/master": "1",
                            "tags.kubernetes.io/cluster/devbootcamp.com": "owned",
                            "type": "gp2"
                        },
                        "meta": {},
                        "tainted": false
                    },
                    "deposed": [],
                    "provider": "provider.aws"
                },
                "aws_eip.eu-west-1a-devbootcamp-com": {
                    "type": "aws_eip",
                    "depends_on": [],
                    "primary": {
                        "id": "eipalloc-0b80f619d28cba0bd",
                        "attributes": {
                            "association_id": "",
                            "domain": "vpc",
                            "id": "eipalloc-0b80f619d28cba0bd",
                            "instance": "",
                            "network_interface": "",
                            "private_ip": "",
                            "public_dns": "ec2-3-248-18-55.eu-west-1.compute.amazonaws.com",
                            "public_ip": "3.248.18.55",
                            "public_ipv4_pool": "amazon",
                            "tags.%": "3",
                            "tags.KubernetesCluster": "devbootcamp.com",
                            "tags.Name": "eu-west-1a.devbootcamp.com",
                            "tags.kubernetes.io/cluster/devbootcamp.com": "owned",
                            "vpc": "true"
                        },
                        "meta": {
                            "e2bfb730-ecaa-11e6-8f88-34363bc7c4c0": {
                                "delete": 180000000000,
                                "read": 900000000000,
                                "update": 300000000000
                            }
                        },
                        "tainted": false
                    },
                    "deposed": [],
                    "provider": "provider.aws"
                },
                "aws_eip.eu-west-1b-devbootcamp-com": {
                    "type": "aws_eip",
                    "depends_on": [],
                    "primary": {
                        "id": "eipalloc-0393052ad5724867e",
                        "attributes": {
                            "association_id": "",
                            "domain": "vpc",
                            "id": "eipalloc-0393052ad5724867e",
                            "instance": "",
                            "network_interface": "",
                            "private_ip": "",
                            "public_dns": "ec2-3-248-17-33.eu-west-1.compute.amazonaws.com",
                            "public_ip": "3.248.17.33",
                            "public_ipv4_pool": "amazon",
                            "tags.%": "3",
                            "tags.KubernetesCluster": "devbootcamp.com",
                            "tags.Name": "eu-west-1b.devbootcamp.com",
                            "tags.kubernetes.io/cluster/devbootcamp.com": "owned",
                            "vpc": "true"
                        },
                        "meta": {
                            "e2bfb730-ecaa-11e6-8f88-34363bc7c4c0": {
                                "delete": 180000000000,
                                "read": 900000000000,
                                "update": 300000000000
                            }
                        },
                        "tainted": false
                    },
                    "deposed": [],
                    "provider": "provider.aws"
                },
                "aws_eip.eu-west-1c-devbootcamp-com": {
                    "type": "aws_eip",
                    "depends_on": [],
                    "primary": {
                        "id": "eipalloc-08748e2c49ae723e7",
                        "attributes": {
                            "association_id": "",
                            "domain": "vpc",
                            "id": "eipalloc-08748e2c49ae723e7",
                            "instance": "",
                            "network_interface": "",
                            "private_ip": "",
                            "public_dns": "ec2-18-200-226-201.eu-west-1.compute.amazonaws.com",
                            "public_ip": "18.200.226.201",
                            "public_ipv4_pool": "amazon",
                            "tags.%": "3",
                            "tags.KubernetesCluster": "devbootcamp.com",
                            "tags.Name": "eu-west-1c.devbootcamp.com",
                            "tags.kubernetes.io/cluster/devbootcamp.com": "owned",
                            "vpc": "true"
                        },
                        "meta": {
                            "e2bfb730-ecaa-11e6-8f88-34363bc7c4c0": {
                                "delete": 180000000000,
                                "read": 900000000000,
                                "update": 300000000000
                            }
                        },
                        "tainted": false
                    },
                    "deposed": [],
                    "provider": "provider.aws"
                },
                "aws_elb.api-devbootcamp-com": {
                    "type": "aws_elb",
                    "depends_on": [
                        "aws_security_group.api-elb-devbootcamp-com",
                        "aws_subnet.utility-eu-west-1a-devbootcamp-com",
                        "aws_subnet.utility-eu-west-1b-devbootcamp-com",
                        "aws_subnet.utility-eu-west-1c-devbootcamp-com"
                    ],
                    "primary": {
                        "id": "api-devbootcamp-com-6o5l9i",
                        "attributes": {
                            "access_logs.#": "0",
                            "arn": "arn:aws:elasticloadbalancing:eu-west-1:713287746880:loadbalancer/api-devbootcamp-com-6o5l9i",
                            "availability_zones.#": "3",
                            "availability_zones.1924028850": "eu-west-1b",
                            "availability_zones.3953592328": "eu-west-1a",
                            "availability_zones.94988580": "eu-west-1c",
                            "connection_draining": "false",
                            "connection_draining_timeout": "300",
                            "cross_zone_load_balancing": "true",
                            "dns_name": "api-devbootcamp-com-6o5l9i-364748943.eu-west-1.elb.amazonaws.com",
                            "health_check.#": "1",
                            "health_check.0.healthy_threshold": "2",
                            "health_check.0.interval": "10",
                            "health_check.0.target": "SSL:443",
                            "health_check.0.timeout": "5",
                            "health_check.0.unhealthy_threshold": "2",
                            "id": "api-devbootcamp-com-6o5l9i",
                            "idle_timeout": "300",
                            "instances.#": "0",
                            "internal": "false",
                            "listener.#": "1",
                            "listener.610193557.instance_port": "443",
                            "listener.610193557.instance_protocol": "tcp",
                            "listener.610193557.lb_port": "443",
                            "listener.610193557.lb_protocol": "tcp",
                            "listener.610193557.ssl_certificate_id": "",
                            "name": "api-devbootcamp-com-6o5l9i",
                            "security_groups.#": "1",
                            "security_groups.3734278526": "sg-0db0eac59a22d64e0",
                            "source_security_group": "713287746880/api-elb.devbootcamp.com",
                            "source_security_group_id": "sg-0db0eac59a22d64e0",
                            "subnets.#": "3",
                            "subnets.2363407933": "subnet-0a3a20fbe6ff1ed52",
                            "subnets.3677112108": "subnet-061b5cb603f271f28",
                            "subnets.3882051918": "subnet-051feb8679a1b0327",
                            "tags.%": "2",
                            "tags.KubernetesCluster": "devbootcamp.com",
                            "tags.Name": "api.devbootcamp.com",
                            "zone_id": "Z32O12XQLNTSW2"
                        },
                        "meta": {},
                        "tainted": false
                    },
                    "deposed": [],
                    "provider": "provider.aws"
                },
                "aws_elb.bastion-devbootcamp-com": {
                    "type": "aws_elb",
                    "depends_on": [
                        "aws_security_group.bastion-elb-devbootcamp-com",
                        "aws_subnet.utility-eu-west-1a-devbootcamp-com",
                        "aws_subnet.utility-eu-west-1b-devbootcamp-com",
                        "aws_subnet.utility-eu-west-1c-devbootcamp-com"
                    ],
                    "primary": {
                        "id": "bastion-devbootcamp-com-7kcvto",
                        "attributes": {
                            "access_logs.#": "0",
                            "arn": "arn:aws:elasticloadbalancing:eu-west-1:713287746880:loadbalancer/bastion-devbootcamp-com-7kcvto",
                            "availability_zones.#": "3",
                            "availability_zones.1924028850": "eu-west-1b",
                            "availability_zones.3953592328": "eu-west-1a",
                            "availability_zones.94988580": "eu-west-1c",
                            "connection_draining": "false",
                            "connection_draining_timeout": "300",
                            "cross_zone_load_balancing": "true",
                            "dns_name": "bastion-devbootcamp-com-7kcvto-257240808.eu-west-1.elb.amazonaws.com",
                            "health_check.#": "1",
                            "health_check.0.healthy_threshold": "2",
                            "health_check.0.interval": "10",
                            "health_check.0.target": "TCP:22",
                            "health_check.0.timeout": "5",
                            "health_check.0.unhealthy_threshold": "2",
                            "id": "bastion-devbootcamp-com-7kcvto",
                            "idle_timeout": "300",
                            "instances.#": "0",
                            "internal": "false",
                            "listener.#": "1",
                            "listener.829854800.instance_port": "22",
                            "listener.829854800.instance_protocol": "tcp",
                            "listener.829854800.lb_port": "22",
                            "listener.829854800.lb_protocol": "tcp",
                            "listener.829854800.ssl_certificate_id": "",
                            "name": "bastion-devbootcamp-com-7kcvto",
                            "security_groups.#": "1",
                            "security_groups.778276020": "sg-0fe3c0ed77f20e61d",
                            "source_security_group": "713287746880/bastion-elb.devbootcamp.com",
                            "source_security_group_id": "sg-0fe3c0ed77f20e61d",
                            "subnets.#": "3",
                            "subnets.2363407933": "subnet-0a3a20fbe6ff1ed52",
                            "subnets.3677112108": "subnet-061b5cb603f271f28",
                            "subnets.3882051918": "subnet-051feb8679a1b0327",
                            "tags.%": "2",
                            "tags.KubernetesCluster": "devbootcamp.com",
                            "tags.Name": "bastion.devbootcamp.com",
                            "zone_id": "Z32O12XQLNTSW2"
                        },
                        "meta": {},
                        "tainted": false
                    },
                    "deposed": [],
                    "provider": "provider.aws"
                },
                "aws_iam_instance_profile.bastions-devbootcamp-com": {
                    "type": "aws_iam_instance_profile",
                    "depends_on": [
                        "aws_iam_role.bastions-devbootcamp-com"
                    ],
                    "primary": {
                        "id": "bastions.devbootcamp.com",
                        "attributes": {
                            "arn": "arn:aws:iam::713287746880:instance-profile/bastions.devbootcamp.com",
                            "create_date": "2019-07-19T23:10:41Z",
                            "id": "bastions.devbootcamp.com",
                            "name": "bastions.devbootcamp.com",
                            "path": "/",
                            "role": "bastions.devbootcamp.com",
                            "roles.#": "0",
                            "unique_id": "AIPA2ME2DIVAJ4SKNVWKD"
                        },
                        "meta": {},
                        "tainted": false
                    },
                    "deposed": [],
                    "provider": "provider.aws"
                },
                "aws_iam_instance_profile.masters-devbootcamp-com": {
                    "type": "aws_iam_instance_profile",
                    "depends_on": [
                        "aws_iam_role.masters-devbootcamp-com"
                    ],
                    "primary": {
                        "id": "masters.devbootcamp.com",
                        "attributes": {
                            "arn": "arn:aws:iam::713287746880:instance-profile/masters.devbootcamp.com",
                            "create_date": "2019-07-19T23:10:38Z",
                            "id": "masters.devbootcamp.com",
                            "name": "masters.devbootcamp.com",
                            "path": "/",
                            "role": "masters.devbootcamp.com",
                            "roles.#": "0",
                            "unique_id": "AIPA2ME2DIVAFKIVUO6EJ"
                        },
                        "meta": {},
                        "tainted": false
                    },
                    "deposed": [],
                    "provider": "provider.aws"
                },
                "aws_iam_instance_profile.nodes-devbootcamp-com": {
                    "type": "aws_iam_instance_profile",
                    "depends_on": [
                        "aws_iam_role.nodes-devbootcamp-com"
                    ],
                    "primary": {
                        "id": "nodes.devbootcamp.com",
                        "attributes": {
                            "arn": "arn:aws:iam::713287746880:instance-profile/nodes.devbootcamp.com",
                            "create_date": "2019-07-19T23:10:39Z",
                            "id": "nodes.devbootcamp.com",
                            "name": "nodes.devbootcamp.com",
                            "path": "/",
                            "role": "nodes.devbootcamp.com",
                            "roles.#": "0",
                            "unique_id": "AIPA2ME2DIVAOT6CBER4U"
                        },
                        "meta": {},
                        "tainted": false
                    },
                    "deposed": [],
                    "provider": "provider.aws"
                },
                "aws_iam_role.bastions-devbootcamp-com": {
                    "type": "aws_iam_role",
                    "depends_on": [],
                    "primary": {
                        "id": "bastions.devbootcamp.com",
                        "attributes": {
                            "arn": "arn:aws:iam::713287746880:role/bastions.devbootcamp.com",
                            "assume_role_policy": "{\"Version\":\"2012-10-17\",\"Statement\":[{\"Effect\":\"Allow\",\"Principal\":{\"Service\":\"ec2.amazonaws.com\"},\"Action\":\"sts:AssumeRole\"}]}",
                            "create_date": "2019-07-19T23:10:38Z",
                            "description": "",
                            "force_detach_policies": "false",
                            "id": "bastions.devbootcamp.com",
                            "max_session_duration": "3600",
                            "name": "bastions.devbootcamp.com",
                            "path": "/",
                            "tags.%": "0",
                            "unique_id": "AROA2ME2DIVALK3KCCKE3"
                        },
                        "meta": {},
                        "tainted": false
                    },
                    "deposed": [],
                    "provider": "provider.aws"
                },
                "aws_iam_role.masters-devbootcamp-com": {
                    "type": "aws_iam_role",
                    "depends_on": [],
                    "primary": {
                        "id": "masters.devbootcamp.com",
                        "attributes": {
                            "arn": "arn:aws:iam::713287746880:role/masters.devbootcamp.com",
                            "assume_role_policy": "{\"Version\":\"2012-10-17\",\"Statement\":[{\"Effect\":\"Allow\",\"Principal\":{\"Service\":\"ec2.amazonaws.com\"},\"Action\":\"sts:AssumeRole\"}]}",
                            "create_date": "2019-07-19T23:10:37Z",
                            "description": "",
                            "force_detach_policies": "false",
                            "id": "masters.devbootcamp.com",
                            "max_session_duration": "3600",
                            "name": "masters.devbootcamp.com",
                            "path": "/",
                            "tags.%": "0",
                            "unique_id": "AROA2ME2DIVAI76QKMFAJ"
                        },
                        "meta": {},
                        "tainted": false
                    },
                    "deposed": [],
                    "provider": "provider.aws"
                },
                "aws_iam_role.nodes-devbootcamp-com": {
                    "type": "aws_iam_role",
                    "depends_on": [],
                    "primary": {
                        "id": "nodes.devbootcamp.com",
                        "attributes": {
                            "arn": "arn:aws:iam::713287746880:role/nodes.devbootcamp.com",
                            "assume_role_policy": "{\"Version\":\"2012-10-17\",\"Statement\":[{\"Effect\":\"Allow\",\"Principal\":{\"Service\":\"ec2.amazonaws.com\"},\"Action\":\"sts:AssumeRole\"}]}",
                            "create_date": "2019-07-19T23:10:38Z",
                            "description": "",
                            "force_detach_policies": "false",
                            "id": "nodes.devbootcamp.com",
                            "max_session_duration": "3600",
                            "name": "nodes.devbootcamp.com",
                            "path": "/",
                            "tags.%": "0",
                            "unique_id": "AROA2ME2DIVAEBLKLQWXS"
                        },
                        "meta": {},
                        "tainted": false
                    },
                    "deposed": [],
                    "provider": "provider.aws"
                },
                "aws_iam_role_policy.bastions-devbootcamp-com": {
                    "type": "aws_iam_role_policy",
                    "depends_on": [
                        "aws_iam_role.bastions-devbootcamp-com"
                    ],
                    "primary": {
                        "id": "bastions.devbootcamp.com:bastions.devbootcamp.com",
                        "attributes": {
                            "id": "bastions.devbootcamp.com:bastions.devbootcamp.com",
                            "name": "bastions.devbootcamp.com",
                            "policy": "{\n  \"Version\": \"2012-10-17\",\n  \"Statement\": [\n    {\n      \"Effect\": \"Allow\",\n      \"Action\": [\n        \"ec2:DescribeRegions\"\n      ],\n      \"Resource\": [\n        \"*\"\n      ]\n    }\n  ]\n}",
                            "role": "bastions.devbootcamp.com"
                        },
                        "meta": {},
                        "tainted": false
                    },
                    "deposed": [],
                    "provider": "provider.aws"
                },
                "aws_iam_role_policy.masters-devbootcamp-com": {
                    "type": "aws_iam_role_policy",
                    "depends_on": [
                        "aws_iam_role.masters-devbootcamp-com"
                    ],
                    "primary": {
                        "id": "masters.devbootcamp.com:masters.devbootcamp.com",
                        "attributes": {
                            "id": "masters.devbootcamp.com:masters.devbootcamp.com",
                            "name": "masters.devbootcamp.com",
                            "policy": "{\n  \"Version\": \"2012-10-17\",\n  \"Statement\": [\n    {\n      \"Effect\": \"Allow\",\n      \"Action\": [\n        \"ec2:DescribeInstances\",\n        \"ec2:DescribeRegions\",\n        \"ec2:DescribeRouteTables\",\n        \"ec2:DescribeSecurityGroups\",\n        \"ec2:DescribeSubnets\",\n        \"ec2:DescribeVolumes\"\n      ],\n      \"Resource\": [\n        \"*\"\n      ]\n    },\n    {\n      \"Effect\": \"Allow\",\n      \"Action\": [\n        \"ec2:CreateSecurityGroup\",\n        \"ec2:CreateTags\",\n        \"ec2:CreateVolume\",\n        \"ec2:DescribeVolumesModifications\",\n        \"ec2:ModifyInstanceAttribute\",\n        \"ec2:ModifyVolume\"\n      ],\n      \"Resource\": [\n        \"*\"\n      ]\n    },\n    {\n      \"Effect\": \"Allow\",\n      \"Action\": [\n        \"ec2:AttachVolume\",\n        \"ec2:AuthorizeSecurityGroupIngress\",\n        \"ec2:CreateRoute\",\n        \"ec2:DeleteRoute\",\n        \"ec2:DeleteSecurityGroup\",\n        \"ec2:DeleteVolume\",\n        \"ec2:DetachVolume\",\n        \"ec2:RevokeSecurityGroupIngress\"\n      ],\n      \"Resource\": [\n        \"*\"\n      ],\n      \"Condition\": {\n        \"StringEquals\": {\n          \"ec2:ResourceTag/KubernetesCluster\": \"devbootcamp.com\"\n        }\n      }\n    },\n    {\n      \"Effect\": \"Allow\",\n      \"Action\": [\n        \"autoscaling:DescribeAutoScalingGroups\",\n        \"autoscaling:DescribeLaunchConfigurations\",\n        \"autoscaling:DescribeTags\"\n      ],\n      \"Resource\": [\n        \"*\"\n      ]\n    },\n    {\n      \"Effect\": \"Allow\",\n      \"Action\": [\n        \"autoscaling:SetDesiredCapacity\",\n        \"autoscaling:TerminateInstanceInAutoScalingGroup\",\n        \"autoscaling:UpdateAutoScalingGroup\"\n      ],\n      \"Resource\": [\n        \"*\"\n      ],\n      \"Condition\": {\n        \"StringEquals\": {\n          \"autoscaling:ResourceTag/KubernetesCluster\": \"devbootcamp.com\"\n        }\n      }\n    },\n    {\n      \"Effect\": \"Allow\",\n      \"Action\": [\n        \"elasticloadbalancing:AddTags\",\n        \"elasticloadbalancing:AttachLoadBalancerToSubnets\",\n        \"elasticloadbalancing:ApplySecurityGroupsToLoadBalancer\",\n        \"elasticloadbalancing:CreateLoadBalancer\",\n        \"elasticloadbalancing:CreateLoadBalancerPolicy\",\n        \"elasticloadbalancing:CreateLoadBalancerListeners\",\n        \"elasticloadbalancing:ConfigureHealthCheck\",\n        \"elasticloadbalancing:DeleteLoadBalancer\",\n        \"elasticloadbalancing:DeleteLoadBalancerListeners\",\n        \"elasticloadbalancing:DescribeLoadBalancers\",\n        \"elasticloadbalancing:DescribeLoadBalancerAttributes\",\n        \"elasticloadbalancing:DetachLoadBalancerFromSubnets\",\n        \"elasticloadbalancing:DeregisterInstancesFromLoadBalancer\",\n        \"elasticloadbalancing:ModifyLoadBalancerAttributes\",\n        \"elasticloadbalancing:RegisterInstancesWithLoadBalancer\",\n        \"elasticloadbalancing:SetLoadBalancerPoliciesForBackendServer\"\n      ],\n      \"Resource\": [\n        \"*\"\n      ]\n    },\n    {\n      \"Effect\": \"Allow\",\n      \"Action\": [\n        \"ec2:DescribeVpcs\",\n        \"elasticloadbalancing:AddTags\",\n        \"elasticloadbalancing:CreateListener\",\n        \"elasticloadbalancing:CreateTargetGroup\",\n        \"elasticloadbalancing:DeleteListener\",\n        \"elasticloadbalancing:DeleteTargetGroup\",\n        \"elasticloadbalancing:DescribeListeners\",\n        \"elasticloadbalancing:DescribeLoadBalancerPolicies\",\n        \"elasticloadbalancing:DescribeTargetGroups\",\n        \"elasticloadbalancing:DescribeTargetHealth\",\n        \"elasticloadbalancing:ModifyListener\",\n        \"elasticloadbalancing:ModifyTargetGroup\",\n        \"elasticloadbalancing:RegisterTargets\",\n        \"elasticloadbalancing:SetLoadBalancerPoliciesOfListener\"\n      ],\n      \"Resource\": [\n        \"*\"\n      ]\n    },\n    {\n      \"Effect\": \"Allow\",\n      \"Action\": [\n        \"iam:ListServerCertificates\",\n        \"iam:GetServerCertificate\"\n      ],\n      \"Resource\": [\n        \"*\"\n      ]\n    },\n    {\n      \"Effect\": \"Allow\",\n      \"Action\": [\n        \"s3:GetBucketLocation\",\n        \"s3:ListBucket\"\n      ],\n      \"Resource\": [\n        \"arn:aws:s3:::devbootcamp\"\n      ]\n    },\n    {\n      \"Effect\": \"Allow\",\n      \"Action\": [\n        \"s3:Get*\"\n      ],\n      \"Resource\": \"arn:aws:s3:::devbootcamp/devbootcamp.com/*\"\n    },\n    {\n      \"Effect\": \"Allow\",\n      \"Action\": [\n        \"route53:ChangeResourceRecordSets\",\n        \"route53:ListResourceRecordSets\",\n        \"route53:GetHostedZone\"\n      ],\n      \"Resource\": [\n        \"arn:aws:route53:::hostedzone/Z1JUI8OV40AHQY\"\n      ]\n    },\n    {\n      \"Effect\": \"Allow\",\n      \"Action\": [\n        \"route53:GetChange\"\n      ],\n      \"Resource\": [\n        \"arn:aws:route53:::change/*\"\n      ]\n    },\n    {\n      \"Effect\": \"Allow\",\n      \"Action\": [\n        \"route53:ListHostedZones\"\n      ],\n      \"Resource\": [\n        \"*\"\n      ]\n    },\n    {\n      \"Effect\": \"Allow\",\n      \"Action\": [\n        \"ecr:GetAuthorizationToken\",\n        \"ecr:BatchCheckLayerAvailability\",\n        \"ecr:GetDownloadUrlForLayer\",\n        \"ecr:GetRepositoryPolicy\",\n        \"ecr:DescribeRepositories\",\n        \"ecr:ListImages\",\n        \"ecr:BatchGetImage\"\n      ],\n      \"Resource\": [\n        \"*\"\n      ]\n    }\n  ]\n}",
                            "role": "masters.devbootcamp.com"
                        },
                        "meta": {},
                        "tainted": false
                    },
                    "deposed": [],
                    "provider": "provider.aws"
                },
                "aws_iam_role_policy.nodes-devbootcamp-com": {
                    "type": "aws_iam_role_policy",
                    "depends_on": [
                        "aws_iam_role.nodes-devbootcamp-com"
                    ],
                    "primary": {
                        "id": "nodes.devbootcamp.com:nodes.devbootcamp.com",
                        "attributes": {
                            "id": "nodes.devbootcamp.com:nodes.devbootcamp.com",
                            "name": "nodes.devbootcamp.com",
                            "policy": "{\n  \"Version\": \"2012-10-17\",\n  \"Statement\": [\n    {\n      \"Effect\": \"Allow\",\n      \"Action\": [\n        \"ec2:DescribeInstances\",\n        \"ec2:DescribeRegions\"\n      ],\n      \"Resource\": [\n        \"*\"\n      ]\n    },\n    {\n      \"Effect\": \"Allow\",\n      \"Action\": [\n        \"s3:GetBucketLocation\",\n        \"s3:ListBucket\"\n      ],\n      \"Resource\": [\n        \"arn:aws:s3:::devbootcamp\"\n      ]\n    },\n    {\n      \"Effect\": \"Allow\",\n      \"Action\": [\n        \"s3:Get*\"\n      ],\n      \"Resource\": [\n        \"arn:aws:s3:::devbootcamp/devbootcamp.com/addons/*\",\n        \"arn:aws:s3:::devbootcamp/devbootcamp.com/cluster.spec\",\n        \"arn:aws:s3:::devbootcamp/devbootcamp.com/config\",\n        \"arn:aws:s3:::devbootcamp/devbootcamp.com/instancegroup/*\",\n        \"arn:aws:s3:::devbootcamp/devbootcamp.com/pki/issued/*\",\n        \"arn:aws:s3:::devbootcamp/devbootcamp.com/pki/private/kube-proxy/*\",\n        \"arn:aws:s3:::devbootcamp/devbootcamp.com/pki/private/kubelet/*\",\n        \"arn:aws:s3:::devbootcamp/devbootcamp.com/pki/ssh/*\",\n        \"arn:aws:s3:::devbootcamp/devbootcamp.com/secrets/dockerconfig\"\n      ]\n    },\n    {\n      \"Effect\": \"Allow\",\n      \"Action\": [\n        \"ecr:GetAuthorizationToken\",\n        \"ecr:BatchCheckLayerAvailability\",\n        \"ecr:GetDownloadUrlForLayer\",\n        \"ecr:GetRepositoryPolicy\",\n        \"ecr:DescribeRepositories\",\n        \"ecr:ListImages\",\n        \"ecr:BatchGetImage\"\n      ],\n      \"Resource\": [\n        \"*\"\n      ]\n    }\n  ]\n}",
                            "role": "nodes.devbootcamp.com"
                        },
                        "meta": {},
                        "tainted": false
                    },
                    "deposed": [],
                    "provider": "provider.aws"
                },
                "aws_internet_gateway.devbootcamp-com": {
                    "type": "aws_internet_gateway",
                    "depends_on": [
                        "aws_vpc.devbootcamp-com"
                    ],
                    "primary": {
                        "id": "igw-02d4fea92610997d2",
                        "attributes": {
                            "id": "igw-02d4fea92610997d2",
                            "owner_id": "713287746880",
                            "tags.%": "3",
                            "tags.KubernetesCluster": "devbootcamp.com",
                            "tags.Name": "devbootcamp.com",
                            "tags.kubernetes.io/cluster/devbootcamp.com": "owned",
                            "vpc_id": "vpc-07731b3b065dc282d"
                        },
                        "meta": {},
                        "tainted": false
                    },
                    "deposed": [],
                    "provider": "provider.aws"
                },
                "aws_key_pair.kubernetes-devbootcamp-com-325743cbb11d5948ecc17f695bcc451f": {
                    "type": "aws_key_pair",
                    "depends_on": [],
                    "primary": {
                        "id": "kubernetes.devbootcamp.com-32:57:43:cb:b1:1d:59:48:ec:c1:7f:69:5b:cc:45:1f",
                        "attributes": {
                            "fingerprint": "fb:c8:e3:fa:b3:43:c4:7e:40:dd:97:30:fc:bf:07:15",
                            "id": "kubernetes.devbootcamp.com-32:57:43:cb:b1:1d:59:48:ec:c1:7f:69:5b:cc:45:1f",
                            "key_name": "kubernetes.devbootcamp.com-32:57:43:cb:b1:1d:59:48:ec:c1:7f:69:5b:cc:45:1f",
                            "public_key": "ssh-rsa AAAAB3NzaC1yc2EAAAADAQABAAABAQCnB1Ah7FlaUBOdNJ+LQUxNoWxVzC3nfd7kRIRCAgMD86Wb4RB9IeoM4LceIgVVIVhYx/kJN49Coq0BfTdqY3iH/c9t3G/30qqPQgD31dSXFyMqFl5Tgtuh7QRmuWzAt1ryC8JR/wu6EfOsvsuWKsZDVVUVsPeVyhO0/OqWRqoUaUo1KyDtAtzCArIYXX8t9DIbvoDjtLH9HkZNJcFRJduh75z1uR7JhOAreB3Gl5NkmpuQ7YyEG8P8Y27NjF1AFXjhSHXACYqcwnWCb6d0JELQyW6slHjp6bO9B+VMttiz296XuGyVtVPEIhiy/gc/VVPoBizGFt/eabm8oe8tZ4TP akobonov@ip-172-31-22-248.eu-west-1.compute.internal"
                        },
                        "meta": {
                            "schema_version": "1"
                        },
                        "tainted": false
                    },
                    "deposed": [],
                    "provider": "provider.aws"
                },
                "aws_launch_configuration.bastions-devbootcamp-com": {
                    "type": "aws_launch_configuration",
                    "depends_on": [
                        "aws_iam_instance_profile.bastions-devbootcamp-com",
                        "aws_key_pair.kubernetes-devbootcamp-com-325743cbb11d5948ecc17f695bcc451f",
                        "aws_security_group.bastion-devbootcamp-com"
                    ],
                    "primary": {
                        "id": "bastions.devbootcamp.com-20190719231050132100000005",
                        "attributes": {
                            "associate_public_ip_address": "true",
                            "ebs_block_device.#": "0",
                            "ebs_optimized": "false",
                            "enable_monitoring": "false",
                            "ephemeral_block_device.#": "0",
                            "iam_instance_profile": "bastions.devbootcamp.com",
                            "id": "bastions.devbootcamp.com-20190719231050132100000005",
                            "image_id": "ami-09b955ecb52ae9bcf",
                            "instance_type": "t2.micro",
                            "key_name": "kubernetes.devbootcamp.com-32:57:43:cb:b1:1d:59:48:ec:c1:7f:69:5b:cc:45:1f",
                            "name": "bastions.devbootcamp.com-20190719231050132100000005",
                            "name_prefix": "bastions.devbootcamp.com-",
                            "root_block_device.#": "1",
                            "root_block_device.0.delete_on_termination": "true",
                            "root_block_device.0.iops": "0",
                            "root_block_device.0.volume_size": "32",
                            "root_block_device.0.volume_type": "gp2",
                            "security_groups.#": "1",
                            "security_groups.4229576993": "sg-0eeb67197a2378a7c",
                            "spot_price": "",
                            "vpc_classic_link_id": "",
                            "vpc_classic_link_security_groups.#": "0"
                        },
                        "meta": {},
                        "tainted": false
                    },
                    "deposed": [],
                    "provider": "provider.aws"
                },
                "aws_launch_configuration.master-eu-west-1a-masters-devbootcamp-com": {
                    "type": "aws_launch_configuration",
                    "depends_on": [
                        "aws_iam_instance_profile.masters-devbootcamp-com",
                        "aws_key_pair.kubernetes-devbootcamp-com-325743cbb11d5948ecc17f695bcc451f",
                        "aws_security_group.masters-devbootcamp-com"
                    ],
                    "primary": {
                        "id": "master-eu-west-1a.masters.devbootcamp.com-20190719231042438000000003",
                        "attributes": {
                            "associate_public_ip_address": "false",
                            "ebs_block_device.#": "0",
                            "ebs_optimized": "false",
                            "enable_monitoring": "false",
                            "ephemeral_block_device.#": "0",
                            "iam_instance_profile": "masters.devbootcamp.com",
                            "id": "master-eu-west-1a.masters.devbootcamp.com-20190719231042438000000003",
                            "image_id": "ami-09b955ecb52ae9bcf",
                            "instance_type": "t2.micro",
                            "key_name": "kubernetes.devbootcamp.com-32:57:43:cb:b1:1d:59:48:ec:c1:7f:69:5b:cc:45:1f",
                            "name": "master-eu-west-1a.masters.devbootcamp.com-20190719231042438000000003",
                            "name_prefix": "master-eu-west-1a.masters.devbootcamp.com-",
                            "root_block_device.#": "1",
                            "root_block_device.0.delete_on_termination": "true",
                            "root_block_device.0.iops": "0",
                            "root_block_device.0.volume_size": "64",
                            "root_block_device.0.volume_type": "gp2",
                            "security_groups.#": "1",
                            "security_groups.995727475": "sg-0e53d40f2754ab091",
                            "spot_price": "",
                            "user_data": "53b2b9d7cb21f2de201275aa6d066dd4000b0338",
                            "vpc_classic_link_id": "",
                            "vpc_classic_link_security_groups.#": "0"
                        },
                        "meta": {},
                        "tainted": false
                    },
                    "deposed": [],
                    "provider": "provider.aws"
                },
                "aws_launch_configuration.master-eu-west-1b-masters-devbootcamp-com": {
                    "type": "aws_launch_configuration",
                    "depends_on": [
                        "aws_iam_instance_profile.masters-devbootcamp-com",
                        "aws_key_pair.kubernetes-devbootcamp-com-325743cbb11d5948ecc17f695bcc451f",
                        "aws_security_group.masters-devbootcamp-com"
                    ],
                    "primary": {
                        "id": "master-eu-west-1b.masters.devbootcamp.com-20190719231042247000000002",
                        "attributes": {
                            "associate_public_ip_address": "false",
                            "ebs_block_device.#": "0",
                            "ebs_optimized": "false",
                            "enable_monitoring": "false",
                            "ephemeral_block_device.#": "0",
                            "iam_instance_profile": "masters.devbootcamp.com",
                            "id": "master-eu-west-1b.masters.devbootcamp.com-20190719231042247000000002",
                            "image_id": "ami-09b955ecb52ae9bcf",
                            "instance_type": "t2.micro",
                            "key_name": "kubernetes.devbootcamp.com-32:57:43:cb:b1:1d:59:48:ec:c1:7f:69:5b:cc:45:1f",
                            "name": "master-eu-west-1b.masters.devbootcamp.com-20190719231042247000000002",
                            "name_prefix": "master-eu-west-1b.masters.devbootcamp.com-",
                            "root_block_device.#": "1",
                            "root_block_device.0.delete_on_termination": "true",
                            "root_block_device.0.iops": "0",
                            "root_block_device.0.volume_size": "64",
                            "root_block_device.0.volume_type": "gp2",
                            "security_groups.#": "1",
                            "security_groups.995727475": "sg-0e53d40f2754ab091",
                            "spot_price": "",
                            "user_data": "51e5b06a25025e2fe2d9e3180eea272bd9a48bdd",
                            "vpc_classic_link_id": "",
                            "vpc_classic_link_security_groups.#": "0"
                        },
                        "meta": {},
                        "tainted": false
                    },
                    "deposed": [],
                    "provider": "provider.aws"
                },
                "aws_launch_configuration.master-eu-west-1c-masters-devbootcamp-com": {
                    "type": "aws_launch_configuration",
                    "depends_on": [
                        "aws_iam_instance_profile.masters-devbootcamp-com",
                        "aws_key_pair.kubernetes-devbootcamp-com-325743cbb11d5948ecc17f695bcc451f",
                        "aws_security_group.masters-devbootcamp-com"
                    ],
                    "primary": {
                        "id": "master-eu-west-1c.masters.devbootcamp.com-20190719231042017300000001",
                        "attributes": {
                            "associate_public_ip_address": "false",
                            "ebs_block_device.#": "0",
                            "ebs_optimized": "false",
                            "enable_monitoring": "false",
                            "ephemeral_block_device.#": "0",
                            "iam_instance_profile": "masters.devbootcamp.com",
                            "id": "master-eu-west-1c.masters.devbootcamp.com-20190719231042017300000001",
                            "image_id": "ami-09b955ecb52ae9bcf",
                            "instance_type": "t2.micro",
                            "key_name": "kubernetes.devbootcamp.com-32:57:43:cb:b1:1d:59:48:ec:c1:7f:69:5b:cc:45:1f",
                            "name": "master-eu-west-1c.masters.devbootcamp.com-20190719231042017300000001",
                            "name_prefix": "master-eu-west-1c.masters.devbootcamp.com-",
                            "root_block_device.#": "1",
                            "root_block_device.0.delete_on_termination": "true",
                            "root_block_device.0.iops": "0",
                            "root_block_device.0.volume_size": "64",
                            "root_block_device.0.volume_type": "gp2",
                            "security_groups.#": "1",
                            "security_groups.995727475": "sg-0e53d40f2754ab091",
                            "spot_price": "",
                            "user_data": "5074b29df4110aa548e388eec43e8141fa580314",
                            "vpc_classic_link_id": "",
                            "vpc_classic_link_security_groups.#": "0"
                        },
                        "meta": {},
                        "tainted": false
                    },
                    "deposed": [],
                    "provider": "provider.aws"
                },
                "aws_launch_configuration.nodes-devbootcamp-com": {
                    "type": "aws_launch_configuration",
                    "depends_on": [
                        "aws_iam_instance_profile.nodes-devbootcamp-com",
                        "aws_key_pair.kubernetes-devbootcamp-com-325743cbb11d5948ecc17f695bcc451f",
                        "aws_security_group.nodes-devbootcamp-com"
                    ],
                    "primary": {
                        "id": "nodes.devbootcamp.com-20190719231048807200000004",
                        "attributes": {
                            "associate_public_ip_address": "false",
                            "ebs_block_device.#": "0",
                            "ebs_optimized": "false",
                            "enable_monitoring": "false",
                            "ephemeral_block_device.#": "0",
                            "iam_instance_profile": "nodes.devbootcamp.com",
                            "id": "nodes.devbootcamp.com-20190719231048807200000004",
                            "image_id": "ami-09b955ecb52ae9bcf",
                            "instance_type": "t2.micro",
                            "key_name": "kubernetes.devbootcamp.com-32:57:43:cb:b1:1d:59:48:ec:c1:7f:69:5b:cc:45:1f",
                            "name": "nodes.devbootcamp.com-20190719231048807200000004",
                            "name_prefix": "nodes.devbootcamp.com-",
                            "root_block_device.#": "1",
                            "root_block_device.0.delete_on_termination": "true",
                            "root_block_device.0.iops": "0",
                            "root_block_device.0.volume_size": "128",
                            "root_block_device.0.volume_type": "gp2",
                            "security_groups.#": "1",
                            "security_groups.3395749044": "sg-0c1bb4548d571e7d2",
                            "spot_price": "",
                            "user_data": "f0d6a7322588c3e60e2f75f8f36901cd4c627de3",
                            "vpc_classic_link_id": "",
                            "vpc_classic_link_security_groups.#": "0"
                        },
                        "meta": {},
                        "tainted": false
                    },
                    "deposed": [],
                    "provider": "provider.aws"
                },
                "aws_nat_gateway.eu-west-1a-devbootcamp-com": {
                    "type": "aws_nat_gateway",
                    "depends_on": [
                        "aws_eip.eu-west-1a-devbootcamp-com",
                        "aws_subnet.utility-eu-west-1a-devbootcamp-com"
                    ],
                    "primary": {
                        "id": "nat-077e0e17451b5b428",
                        "attributes": {
                            "allocation_id": "eipalloc-0b80f619d28cba0bd",
                            "id": "nat-077e0e17451b5b428",
                            "network_interface_id": "eni-0af26a1de7451b1d4",
                            "private_ip": "172.20.0.84",
                            "public_ip": "3.248.18.55",
                            "subnet_id": "subnet-061b5cb603f271f28",
                            "tags.%": "3",
                            "tags.KubernetesCluster": "devbootcamp.com",
                            "tags.Name": "eu-west-1a.devbootcamp.com",
                            "tags.kubernetes.io/cluster/devbootcamp.com": "owned"
                        },
                        "meta": {},
                        "tainted": false
                    },
                    "deposed": [],
                    "provider": "provider.aws"
                },
                "aws_nat_gateway.eu-west-1b-devbootcamp-com": {
                    "type": "aws_nat_gateway",
                    "depends_on": [
                        "aws_eip.eu-west-1b-devbootcamp-com",
                        "aws_subnet.utility-eu-west-1b-devbootcamp-com"
                    ],
                    "primary": {
                        "id": "nat-032a02586aa90703e",
                        "attributes": {
                            "allocation_id": "eipalloc-0393052ad5724867e",
                            "id": "nat-032a02586aa90703e",
                            "network_interface_id": "eni-0a115e62892e2f257",
                            "private_ip": "172.20.7.156",
                            "public_ip": "3.248.17.33",
                            "subnet_id": "subnet-051feb8679a1b0327",
                            "tags.%": "3",
                            "tags.KubernetesCluster": "devbootcamp.com",
                            "tags.Name": "eu-west-1b.devbootcamp.com",
                            "tags.kubernetes.io/cluster/devbootcamp.com": "owned"
                        },
                        "meta": {},
                        "tainted": false
                    },
                    "deposed": [],
                    "provider": "provider.aws"
                },
                "aws_nat_gateway.eu-west-1c-devbootcamp-com": {
                    "type": "aws_nat_gateway",
                    "depends_on": [
                        "aws_eip.eu-west-1c-devbootcamp-com",
                        "aws_subnet.utility-eu-west-1c-devbootcamp-com"
                    ],
                    "primary": {
                        "id": "nat-0b22f1c0f5fb53792",
                        "attributes": {
                            "allocation_id": "eipalloc-08748e2c49ae723e7",
                            "id": "nat-0b22f1c0f5fb53792",
                            "network_interface_id": "eni-0c75d53aa61a75797",
                            "private_ip": "172.20.8.53",
                            "public_ip": "18.200.226.201",
                            "subnet_id": "subnet-0a3a20fbe6ff1ed52",
                            "tags.%": "3",
                            "tags.KubernetesCluster": "devbootcamp.com",
                            "tags.Name": "eu-west-1c.devbootcamp.com",
                            "tags.kubernetes.io/cluster/devbootcamp.com": "owned"
                        },
                        "meta": {},
                        "tainted": false
                    },
                    "deposed": [],
                    "provider": "provider.aws"
                },
                "aws_route.0-0-0-0--0": {
                    "type": "aws_route",
                    "depends_on": [
                        "aws_internet_gateway.devbootcamp-com",
                        "aws_route_table.devbootcamp-com"
                    ],
                    "primary": {
                        "id": "r-rtb-0f882c6684075fac01080289494",
                        "attributes": {
                            "destination_cidr_block": "0.0.0.0/0",
                            "destination_prefix_list_id": "",
                            "egress_only_gateway_id": "",
                            "gateway_id": "igw-02d4fea92610997d2",
                            "id": "r-rtb-0f882c6684075fac01080289494",
                            "instance_id": "",
                            "instance_owner_id": "",
                            "nat_gateway_id": "",
                            "network_interface_id": "",
                            "origin": "CreateRoute",
                            "route_table_id": "rtb-0f882c6684075fac0",
                            "state": "active",
                            "transit_gateway_id": "",
                            "vpc_peering_connection_id": ""
                        },
                        "meta": {
                            "e2bfb730-ecaa-11e6-8f88-34363bc7c4c0": {
                                "create": 120000000000,
                                "delete": 300000000000
                            }
                        },
                        "tainted": false
                    },
                    "deposed": [],
                    "provider": "provider.aws"
                },
                "aws_route.private-eu-west-1a-0-0-0-0--0": {
                    "type": "aws_route",
                    "depends_on": [
                        "aws_nat_gateway.eu-west-1a-devbootcamp-com",
                        "aws_route_table.private-eu-west-1a-devbootcamp-com"
                    ],
                    "primary": {
                        "id": "r-rtb-081132f56ec3752ad1080289494",
                        "attributes": {
                            "destination_cidr_block": "0.0.0.0/0",
                            "destination_prefix_list_id": "",
                            "egress_only_gateway_id": "",
                            "gateway_id": "",
                            "id": "r-rtb-081132f56ec3752ad1080289494",
                            "instance_id": "",
                            "instance_owner_id": "",
                            "nat_gateway_id": "nat-077e0e17451b5b428",
                            "network_interface_id": "",
                            "origin": "CreateRoute",
                            "route_table_id": "rtb-081132f56ec3752ad",
                            "state": "active",
                            "transit_gateway_id": "",
                            "vpc_peering_connection_id": ""
                        },
                        "meta": {
                            "e2bfb730-ecaa-11e6-8f88-34363bc7c4c0": {
                                "create": 120000000000,
                                "delete": 300000000000
                            }
                        },
                        "tainted": false
                    },
                    "deposed": [],
                    "provider": "provider.aws"
                },
                "aws_route.private-eu-west-1b-0-0-0-0--0": {
                    "type": "aws_route",
                    "depends_on": [
                        "aws_nat_gateway.eu-west-1b-devbootcamp-com",
                        "aws_route_table.private-eu-west-1b-devbootcamp-com"
                    ],
                    "primary": {
                        "id": "r-rtb-09f0d99e510f689a11080289494",
                        "attributes": {
                            "destination_cidr_block": "0.0.0.0/0",
                            "destination_prefix_list_id": "",
                            "egress_only_gateway_id": "",
                            "gateway_id": "",
                            "id": "r-rtb-09f0d99e510f689a11080289494",
                            "instance_id": "",
                            "instance_owner_id": "",
                            "nat_gateway_id": "nat-032a02586aa90703e",
                            "network_interface_id": "",
                            "origin": "CreateRoute",
                            "route_table_id": "rtb-09f0d99e510f689a1",
                            "state": "active",
                            "transit_gateway_id": "",
                            "vpc_peering_connection_id": ""
                        },
                        "meta": {
                            "e2bfb730-ecaa-11e6-8f88-34363bc7c4c0": {
                                "create": 120000000000,
                                "delete": 300000000000
                            }
                        },
                        "tainted": false
                    },
                    "deposed": [],
                    "provider": "provider.aws"
                },
                "aws_route.private-eu-west-1c-0-0-0-0--0": {
                    "type": "aws_route",
                    "depends_on": [
                        "aws_nat_gateway.eu-west-1c-devbootcamp-com",
                        "aws_route_table.private-eu-west-1c-devbootcamp-com"
                    ],
                    "primary": {
                        "id": "r-rtb-08f64fb70e6f6972d1080289494",
                        "attributes": {
                            "destination_cidr_block": "0.0.0.0/0",
                            "destination_prefix_list_id": "",
                            "egress_only_gateway_id": "",
                            "gateway_id": "",
                            "id": "r-rtb-08f64fb70e6f6972d1080289494",
                            "instance_id": "",
                            "instance_owner_id": "",
                            "nat_gateway_id": "nat-0b22f1c0f5fb53792",
                            "network_interface_id": "",
                            "origin": "CreateRoute",
                            "route_table_id": "rtb-08f64fb70e6f6972d",
                            "state": "active",
                            "transit_gateway_id": "",
                            "vpc_peering_connection_id": ""
                        },
                        "meta": {
                            "e2bfb730-ecaa-11e6-8f88-34363bc7c4c0": {
                                "create": 120000000000,
                                "delete": 300000000000
                            }
                        },
                        "tainted": false
                    },
                    "deposed": [],
                    "provider": "provider.aws"
                },
                "aws_route53_record.api-devbootcamp-com": {
                    "type": "aws_route53_record",
                    "depends_on": [
                        "aws_elb.api-devbootcamp-com"
                    ],
                    "primary": {
                        "id": "Z1JUI8OV40AHQY_api.devbootcamp.com_A",
                        "attributes": {
                            "alias.#": "1",
                            "alias.3717185118.evaluate_target_health": "false",
                            "alias.3717185118.name": "api-devbootcamp-com-6o5l9i-364748943.eu-west-1.elb.amazonaws.com",
                            "alias.3717185118.zone_id": "Z32O12XQLNTSW2",
                            "fqdn": "api.devbootcamp.com",
                            "id": "Z1JUI8OV40AHQY_api.devbootcamp.com_A",
                            "name": "api.devbootcamp.com",
                            "type": "A",
                            "zone_id": "/hostedzone/Z1JUI8OV40AHQY"
                        },
                        "meta": {
                            "schema_version": "2"
                        },
                        "tainted": false
                    },
                    "deposed": [],
                    "provider": "provider.aws"
                },
                "aws_route53_record.bastion-devbootcamp-com": {
                    "type": "aws_route53_record",
                    "depends_on": [
                        "aws_elb.bastion-devbootcamp-com"
                    ],
                    "primary": {
                        "id": "Z1JUI8OV40AHQY_bastion.devbootcamp.com_A",
                        "attributes": {
                            "alias.#": "1",
                            "alias.2170576297.evaluate_target_health": "false",
                            "alias.2170576297.name": "bastion-devbootcamp-com-7kcvto-257240808.eu-west-1.elb.amazonaws.com",
                            "alias.2170576297.zone_id": "Z32O12XQLNTSW2",
                            "fqdn": "bastion.devbootcamp.com",
                            "id": "Z1JUI8OV40AHQY_bastion.devbootcamp.com_A",
                            "name": "bastion.devbootcamp.com",
                            "type": "A",
                            "zone_id": "/hostedzone/Z1JUI8OV40AHQY"
                        },
                        "meta": {
                            "schema_version": "2"
                        },
                        "tainted": false
                    },
                    "deposed": [],
                    "provider": "provider.aws"
                },
                "aws_route53_zone_association.Z1JUI8OV40AHQY": {
                    "type": "aws_route53_zone_association",
                    "depends_on": [
                        "aws_vpc.devbootcamp-com"
                    ],
                    "primary": {
                        "id": "/hostedzone/Z1JUI8OV40AHQY:vpc-07731b3b065dc282d",
                        "attributes": {
                            "id": "/hostedzone/Z1JUI8OV40AHQY:vpc-07731b3b065dc282d",
                            "vpc_id": "vpc-07731b3b065dc282d",
                            "vpc_region": "eu-west-1",
                            "zone_id": "/hostedzone/Z1JUI8OV40AHQY"
                        },
                        "meta": {},
                        "tainted": false
                    },
                    "deposed": [],
                    "provider": "provider.aws"
                },
                "aws_route_table.devbootcamp-com": {
                    "type": "aws_route_table",
                    "depends_on": [
                        "aws_vpc.devbootcamp-com"
                    ],
                    "primary": {
                        "id": "rtb-0f882c6684075fac0",
                        "attributes": {
                            "id": "rtb-0f882c6684075fac0",
                            "owner_id": "713287746880",
                            "propagating_vgws.#": "0",
                            "route.#": "0",
                            "tags.%": "4",
                            "tags.KubernetesCluster": "devbootcamp.com",
                            "tags.Name": "devbootcamp.com",
                            "tags.kubernetes.io/cluster/devbootcamp.com": "owned",
                            "tags.kubernetes.io/kops/role": "public",
                            "vpc_id": "vpc-07731b3b065dc282d"
                        },
                        "meta": {},
                        "tainted": false
                    },
                    "deposed": [],
                    "provider": "provider.aws"
                },
                "aws_route_table.private-eu-west-1a-devbootcamp-com": {
                    "type": "aws_route_table",
                    "depends_on": [
                        "aws_vpc.devbootcamp-com"
                    ],
                    "primary": {
                        "id": "rtb-081132f56ec3752ad",
                        "attributes": {
                            "id": "rtb-081132f56ec3752ad",
                            "owner_id": "713287746880",
                            "propagating_vgws.#": "0",
                            "route.#": "0",
                            "tags.%": "4",
                            "tags.KubernetesCluster": "devbootcamp.com",
                            "tags.Name": "private-eu-west-1a.devbootcamp.com",
                            "tags.kubernetes.io/cluster/devbootcamp.com": "owned",
                            "tags.kubernetes.io/kops/role": "private-eu-west-1a",
                            "vpc_id": "vpc-07731b3b065dc282d"
                        },
                        "meta": {},
                        "tainted": false
                    },
                    "deposed": [],
                    "provider": "provider.aws"
                },
                "aws_route_table.private-eu-west-1b-devbootcamp-com": {
                    "type": "aws_route_table",
                    "depends_on": [
                        "aws_vpc.devbootcamp-com"
                    ],
                    "primary": {
                        "id": "rtb-09f0d99e510f689a1",
                        "attributes": {
                            "id": "rtb-09f0d99e510f689a1",
                            "owner_id": "713287746880",
                            "propagating_vgws.#": "0",
                            "route.#": "0",
                            "tags.%": "4",
                            "tags.KubernetesCluster": "devbootcamp.com",
                            "tags.Name": "private-eu-west-1b.devbootcamp.com",
                            "tags.kubernetes.io/cluster/devbootcamp.com": "owned",
                            "tags.kubernetes.io/kops/role": "private-eu-west-1b",
                            "vpc_id": "vpc-07731b3b065dc282d"
                        },
                        "meta": {},
                        "tainted": false
                    },
                    "deposed": [],
                    "provider": "provider.aws"
                },
                "aws_route_table.private-eu-west-1c-devbootcamp-com": {
                    "type": "aws_route_table",
                    "depends_on": [
                        "aws_vpc.devbootcamp-com"
                    ],
                    "primary": {
                        "id": "rtb-08f64fb70e6f6972d",
                        "attributes": {
                            "id": "rtb-08f64fb70e6f6972d",
                            "owner_id": "713287746880",
                            "propagating_vgws.#": "0",
                            "route.#": "0",
                            "tags.%": "4",
                            "tags.KubernetesCluster": "devbootcamp.com",
                            "tags.Name": "private-eu-west-1c.devbootcamp.com",
                            "tags.kubernetes.io/cluster/devbootcamp.com": "owned",
                            "tags.kubernetes.io/kops/role": "private-eu-west-1c",
                            "vpc_id": "vpc-07731b3b065dc282d"
                        },
                        "meta": {},
                        "tainted": false
                    },
                    "deposed": [],
                    "provider": "provider.aws"
                },
                "aws_route_table_association.private-eu-west-1a-devbootcamp-com": {
                    "type": "aws_route_table_association",
                    "depends_on": [
                        "aws_route_table.private-eu-west-1a-devbootcamp-com",
                        "aws_subnet.eu-west-1a-devbootcamp-com"
                    ],
                    "primary": {
                        "id": "rtbassoc-0d2e17d51d8222f21",
                        "attributes": {
                            "id": "rtbassoc-0d2e17d51d8222f21",
                            "route_table_id": "rtb-081132f56ec3752ad",
                            "subnet_id": "subnet-086c7d9739d6dbeca"
                        },
                        "meta": {},
                        "tainted": false
                    },
                    "deposed": [],
                    "provider": "provider.aws"
                },
                "aws_route_table_association.private-eu-west-1b-devbootcamp-com": {
                    "type": "aws_route_table_association",
                    "depends_on": [
                        "aws_route_table.private-eu-west-1b-devbootcamp-com",
                        "aws_subnet.eu-west-1b-devbootcamp-com"
                    ],
                    "primary": {
                        "id": "rtbassoc-014ea2704b7d3c3cf",
                        "attributes": {
                            "id": "rtbassoc-014ea2704b7d3c3cf",
                            "route_table_id": "rtb-09f0d99e510f689a1",
                            "subnet_id": "subnet-08d538798b67fa850"
                        },
                        "meta": {},
                        "tainted": false
                    },
                    "deposed": [],
                    "provider": "provider.aws"
                },
                "aws_route_table_association.private-eu-west-1c-devbootcamp-com": {
                    "type": "aws_route_table_association",
                    "depends_on": [
                        "aws_route_table.private-eu-west-1c-devbootcamp-com",
                        "aws_subnet.eu-west-1c-devbootcamp-com"
                    ],
                    "primary": {
                        "id": "rtbassoc-0f419c2b655674a9e",
                        "attributes": {
                            "id": "rtbassoc-0f419c2b655674a9e",
                            "route_table_id": "rtb-08f64fb70e6f6972d",
                            "subnet_id": "subnet-0c1ea0d0851409c44"
                        },
                        "meta": {},
                        "tainted": false
                    },
                    "deposed": [],
                    "provider": "provider.aws"
                },
                "aws_route_table_association.utility-eu-west-1a-devbootcamp-com": {
                    "type": "aws_route_table_association",
                    "depends_on": [
                        "aws_route_table.devbootcamp-com",
                        "aws_subnet.utility-eu-west-1a-devbootcamp-com"
                    ],
                    "primary": {
                        "id": "rtbassoc-0afab19d6e5b672b6",
                        "attributes": {
                            "id": "rtbassoc-0afab19d6e5b672b6",
                            "route_table_id": "rtb-0f882c6684075fac0",
                            "subnet_id": "subnet-061b5cb603f271f28"
                        },
                        "meta": {},
                        "tainted": false
                    },
                    "deposed": [],
                    "provider": "provider.aws"
                },
                "aws_route_table_association.utility-eu-west-1b-devbootcamp-com": {
                    "type": "aws_route_table_association",
                    "depends_on": [
                        "aws_route_table.devbootcamp-com",
                        "aws_subnet.utility-eu-west-1b-devbootcamp-com"
                    ],
                    "primary": {
                        "id": "rtbassoc-0a99bf4b42358c7da",
                        "attributes": {
                            "id": "rtbassoc-0a99bf4b42358c7da",
                            "route_table_id": "rtb-0f882c6684075fac0",
                            "subnet_id": "subnet-051feb8679a1b0327"
                        },
                        "meta": {},
                        "tainted": false
                    },
                    "deposed": [],
                    "provider": "provider.aws"
                },
                "aws_route_table_association.utility-eu-west-1c-devbootcamp-com": {
                    "type": "aws_route_table_association",
                    "depends_on": [
                        "aws_route_table.devbootcamp-com",
                        "aws_subnet.utility-eu-west-1c-devbootcamp-com"
                    ],
                    "primary": {
                        "id": "rtbassoc-09659d310f78e80b6",
                        "attributes": {
                            "id": "rtbassoc-09659d310f78e80b6",
                            "route_table_id": "rtb-0f882c6684075fac0",
                            "subnet_id": "subnet-0a3a20fbe6ff1ed52"
                        },
                        "meta": {},
                        "tainted": false
                    },
                    "deposed": [],
                    "provider": "provider.aws"
                },
                "aws_security_group.api-elb-devbootcamp-com": {
                    "type": "aws_security_group",
                    "depends_on": [
                        "aws_vpc.devbootcamp-com"
                    ],
                    "primary": {
                        "id": "sg-0db0eac59a22d64e0",
                        "attributes": {
                            "arn": "arn:aws:ec2:eu-west-1:713287746880:security-group/sg-0db0eac59a22d64e0",
                            "description": "Security group for api ELB",
                            "egress.#": "0",
                            "id": "sg-0db0eac59a22d64e0",
                            "ingress.#": "0",
                            "name": "api-elb.devbootcamp.com",
                            "owner_id": "713287746880",
                            "revoke_rules_on_delete": "false",
                            "tags.%": "3",
                            "tags.KubernetesCluster": "devbootcamp.com",
                            "tags.Name": "api-elb.devbootcamp.com",
                            "tags.kubernetes.io/cluster/devbootcamp.com": "owned",
                            "vpc_id": "vpc-07731b3b065dc282d"
                        },
                        "meta": {
                            "e2bfb730-ecaa-11e6-8f88-34363bc7c4c0": {
                                "create": 600000000000,
                                "delete": 600000000000
                            },
                            "schema_version": "1"
                        },
                        "tainted": false
                    },
                    "deposed": [],
                    "provider": "provider.aws"
                },
                "aws_security_group.bastion-devbootcamp-com": {
                    "type": "aws_security_group",
                    "depends_on": [
                        "aws_vpc.devbootcamp-com"
                    ],
                    "primary": {
                        "id": "sg-0eeb67197a2378a7c",
                        "attributes": {
                            "arn": "arn:aws:ec2:eu-west-1:713287746880:security-group/sg-0eeb67197a2378a7c",
                            "description": "Security group for bastion",
                            "egress.#": "0",
                            "id": "sg-0eeb67197a2378a7c",
                            "ingress.#": "0",
                            "name": "bastion.devbootcamp.com",
                            "owner_id": "713287746880",
                            "revoke_rules_on_delete": "false",
                            "tags.%": "3",
                            "tags.KubernetesCluster": "devbootcamp.com",
                            "tags.Name": "bastion.devbootcamp.com",
                            "tags.kubernetes.io/cluster/devbootcamp.com": "owned",
                            "vpc_id": "vpc-07731b3b065dc282d"
                        },
                        "meta": {
                            "e2bfb730-ecaa-11e6-8f88-34363bc7c4c0": {
                                "create": 600000000000,
                                "delete": 600000000000
                            },
                            "schema_version": "1"
                        },
                        "tainted": false
                    },
                    "deposed": [],
                    "provider": "provider.aws"
                },
                "aws_security_group.bastion-elb-devbootcamp-com": {
                    "type": "aws_security_group",
                    "depends_on": [
                        "aws_vpc.devbootcamp-com"
                    ],
                    "primary": {
                        "id": "sg-0fe3c0ed77f20e61d",
                        "attributes": {
                            "arn": "arn:aws:ec2:eu-west-1:713287746880:security-group/sg-0fe3c0ed77f20e61d",
                            "description": "Security group for bastion ELB",
                            "egress.#": "0",
                            "id": "sg-0fe3c0ed77f20e61d",
                            "ingress.#": "0",
                            "name": "bastion-elb.devbootcamp.com",
                            "owner_id": "713287746880",
                            "revoke_rules_on_delete": "false",
                            "tags.%": "3",
                            "tags.KubernetesCluster": "devbootcamp.com",
                            "tags.Name": "bastion-elb.devbootcamp.com",
                            "tags.kubernetes.io/cluster/devbootcamp.com": "owned",
                            "vpc_id": "vpc-07731b3b065dc282d"
                        },
                        "meta": {
                            "e2bfb730-ecaa-11e6-8f88-34363bc7c4c0": {
                                "create": 600000000000,
                                "delete": 600000000000
                            },
                            "schema_version": "1"
                        },
                        "tainted": false
                    },
                    "deposed": [],
                    "provider": "provider.aws"
                },
                "aws_security_group.masters-devbootcamp-com": {
                    "type": "aws_security_group",
                    "depends_on": [
                        "aws_vpc.devbootcamp-com"
                    ],
                    "primary": {
                        "id": "sg-0e53d40f2754ab091",
                        "attributes": {
                            "arn": "arn:aws:ec2:eu-west-1:713287746880:security-group/sg-0e53d40f2754ab091",
                            "description": "Security group for masters",
                            "egress.#": "0",
                            "id": "sg-0e53d40f2754ab091",
                            "ingress.#": "0",
                            "name": "masters.devbootcamp.com",
                            "owner_id": "713287746880",
                            "revoke_rules_on_delete": "false",
                            "tags.%": "3",
                            "tags.KubernetesCluster": "devbootcamp.com",
                            "tags.Name": "masters.devbootcamp.com",
                            "tags.kubernetes.io/cluster/devbootcamp.com": "owned",
                            "vpc_id": "vpc-07731b3b065dc282d"
                        },
                        "meta": {
                            "e2bfb730-ecaa-11e6-8f88-34363bc7c4c0": {
                                "create": 600000000000,
                                "delete": 600000000000
                            },
                            "schema_version": "1"
                        },
                        "tainted": false
                    },
                    "deposed": [],
                    "provider": "provider.aws"
                },
                "aws_security_group.nodes-devbootcamp-com": {
                    "type": "aws_security_group",
                    "depends_on": [
                        "aws_vpc.devbootcamp-com"
                    ],
                    "primary": {
                        "id": "sg-0c1bb4548d571e7d2",
                        "attributes": {
                            "arn": "arn:aws:ec2:eu-west-1:713287746880:security-group/sg-0c1bb4548d571e7d2",
                            "description": "Security group for nodes",
                            "egress.#": "0",
                            "id": "sg-0c1bb4548d571e7d2",
                            "ingress.#": "0",
                            "name": "nodes.devbootcamp.com",
                            "owner_id": "713287746880",
                            "revoke_rules_on_delete": "false",
                            "tags.%": "3",
                            "tags.KubernetesCluster": "devbootcamp.com",
                            "tags.Name": "nodes.devbootcamp.com",
                            "tags.kubernetes.io/cluster/devbootcamp.com": "owned",
                            "vpc_id": "vpc-07731b3b065dc282d"
                        },
                        "meta": {
                            "e2bfb730-ecaa-11e6-8f88-34363bc7c4c0": {
                                "create": 600000000000,
                                "delete": 600000000000
                            },
                            "schema_version": "1"
                        },
                        "tainted": false
                    },
                    "deposed": [],
                    "provider": "provider.aws"
                },
                "aws_security_group_rule.all-master-to-master": {
                    "type": "aws_security_group_rule",
                    "depends_on": [
                        "aws_security_group.masters-devbootcamp-com"
                    ],
                    "primary": {
                        "id": "sgrule-3336170926",
                        "attributes": {
                            "from_port": "0",
                            "id": "sgrule-3336170926",
                            "protocol": "-1",
                            "security_group_id": "sg-0e53d40f2754ab091",
                            "self": "false",
                            "source_security_group_id": "sg-0e53d40f2754ab091",
                            "to_port": "0",
                            "type": "ingress"
                        },
                        "meta": {
                            "schema_version": "2"
                        },
                        "tainted": false
                    },
                    "deposed": [],
                    "provider": "provider.aws"
                },
                "aws_security_group_rule.all-master-to-node": {
                    "type": "aws_security_group_rule",
                    "depends_on": [
                        "aws_security_group.masters-devbootcamp-com",
                        "aws_security_group.nodes-devbootcamp-com"
                    ],
                    "primary": {
                        "id": "sgrule-885756989",
                        "attributes": {
                            "from_port": "0",
                            "id": "sgrule-885756989",
                            "protocol": "-1",
                            "security_group_id": "sg-0c1bb4548d571e7d2",
                            "self": "false",
                            "source_security_group_id": "sg-0e53d40f2754ab091",
                            "to_port": "0",
                            "type": "ingress"
                        },
                        "meta": {
                            "schema_version": "2"
                        },
                        "tainted": false
                    },
                    "deposed": [],
                    "provider": "provider.aws"
                },
                "aws_security_group_rule.all-node-to-node": {
                    "type": "aws_security_group_rule",
                    "depends_on": [
                        "aws_security_group.nodes-devbootcamp-com"
                    ],
                    "primary": {
                        "id": "sgrule-1237973989",
                        "attributes": {
                            "from_port": "0",
                            "id": "sgrule-1237973989",
                            "protocol": "-1",
                            "security_group_id": "sg-0c1bb4548d571e7d2",
                            "self": "false",
                            "source_security_group_id": "sg-0c1bb4548d571e7d2",
                            "to_port": "0",
                            "type": "ingress"
                        },
                        "meta": {
                            "schema_version": "2"
                        },
                        "tainted": false
                    },
                    "deposed": [],
                    "provider": "provider.aws"
                },
                "aws_security_group_rule.api-elb-egress": {
                    "type": "aws_security_group_rule",
                    "depends_on": [
                        "aws_security_group.api-elb-devbootcamp-com"
                    ],
                    "primary": {
                        "id": "sgrule-795482329",
                        "attributes": {
                            "cidr_blocks.#": "1",
                            "cidr_blocks.0": "0.0.0.0/0",
                            "from_port": "0",
                            "id": "sgrule-795482329",
                            "protocol": "-1",
                            "security_group_id": "sg-0db0eac59a22d64e0",
                            "self": "false",
                            "to_port": "0",
                            "type": "egress"
                        },
                        "meta": {
                            "schema_version": "2"
                        },
                        "tainted": false
                    },
                    "deposed": [],
                    "provider": "provider.aws"
                },
                "aws_security_group_rule.bastion-egress": {
                    "type": "aws_security_group_rule",
                    "depends_on": [
                        "aws_security_group.bastion-devbootcamp-com"
                    ],
                    "primary": {
                        "id": "sgrule-1716654858",
                        "attributes": {
                            "cidr_blocks.#": "1",
                            "cidr_blocks.0": "0.0.0.0/0",
                            "from_port": "0",
                            "id": "sgrule-1716654858",
                            "protocol": "-1",
                            "security_group_id": "sg-0eeb67197a2378a7c",
                            "self": "false",
                            "to_port": "0",
                            "type": "egress"
                        },
                        "meta": {
                            "schema_version": "2"
                        },
                        "tainted": false
                    },
                    "deposed": [],
                    "provider": "provider.aws"
                },
                "aws_security_group_rule.bastion-elb-egress": {
                    "type": "aws_security_group_rule",
                    "depends_on": [
                        "aws_security_group.bastion-elb-devbootcamp-com"
                    ],
                    "primary": {
                        "id": "sgrule-2977689068",
                        "attributes": {
                            "cidr_blocks.#": "1",
                            "cidr_blocks.0": "0.0.0.0/0",
                            "from_port": "0",
                            "id": "sgrule-2977689068",
                            "protocol": "-1",
                            "security_group_id": "sg-0fe3c0ed77f20e61d",
                            "self": "false",
                            "to_port": "0",
                            "type": "egress"
                        },
                        "meta": {
                            "schema_version": "2"
                        },
                        "tainted": false
                    },
                    "deposed": [],
                    "provider": "provider.aws"
                },
                "aws_security_group_rule.bastion-to-master-ssh": {
                    "type": "aws_security_group_rule",
                    "depends_on": [
                        "aws_security_group.bastion-devbootcamp-com",
                        "aws_security_group.masters-devbootcamp-com"
                    ],
                    "primary": {
                        "id": "sgrule-2145180495",
                        "attributes": {
                            "from_port": "22",
                            "id": "sgrule-2145180495",
                            "protocol": "tcp",
                            "security_group_id": "sg-0e53d40f2754ab091",
                            "self": "false",
                            "source_security_group_id": "sg-0eeb67197a2378a7c",
                            "to_port": "22",
                            "type": "ingress"
                        },
                        "meta": {
                            "schema_version": "2"
                        },
                        "tainted": false
                    },
                    "deposed": [],
                    "provider": "provider.aws"
                },
                "aws_security_group_rule.bastion-to-node-ssh": {
                    "type": "aws_security_group_rule",
                    "depends_on": [
                        "aws_security_group.bastion-devbootcamp-com",
                        "aws_security_group.nodes-devbootcamp-com"
                    ],
                    "primary": {
                        "id": "sgrule-3147755817",
                        "attributes": {
                            "from_port": "22",
                            "id": "sgrule-3147755817",
                            "protocol": "tcp",
                            "security_group_id": "sg-0c1bb4548d571e7d2",
                            "self": "false",
                            "source_security_group_id": "sg-0eeb67197a2378a7c",
                            "to_port": "22",
                            "type": "ingress"
                        },
                        "meta": {
                            "schema_version": "2"
                        },
                        "tainted": false
                    },
                    "deposed": [],
                    "provider": "provider.aws"
                },
                "aws_security_group_rule.https-api-elb-0-0-0-0--0": {
                    "type": "aws_security_group_rule",
                    "depends_on": [
                        "aws_security_group.api-elb-devbootcamp-com"
                    ],
                    "primary": {
                        "id": "sgrule-669139564",
                        "attributes": {
                            "cidr_blocks.#": "1",
                            "cidr_blocks.0": "0.0.0.0/0",
                            "from_port": "443",
                            "id": "sgrule-669139564",
                            "protocol": "tcp",
                            "security_group_id": "sg-0db0eac59a22d64e0",
                            "self": "false",
                            "to_port": "443",
                            "type": "ingress"
                        },
                        "meta": {
                            "schema_version": "2"
                        },
                        "tainted": false
                    },
                    "deposed": [],
                    "provider": "provider.aws"
                },
                "aws_security_group_rule.https-elb-to-master": {
                    "type": "aws_security_group_rule",
                    "depends_on": [
                        "aws_security_group.api-elb-devbootcamp-com",
                        "aws_security_group.masters-devbootcamp-com"
                    ],
                    "primary": {
                        "id": "sgrule-2995255230",
                        "attributes": {
                            "from_port": "443",
                            "id": "sgrule-2995255230",
                            "protocol": "tcp",
                            "security_group_id": "sg-0e53d40f2754ab091",
                            "self": "false",
                            "source_security_group_id": "sg-0db0eac59a22d64e0",
                            "to_port": "443",
                            "type": "ingress"
                        },
                        "meta": {
                            "schema_version": "2"
                        },
                        "tainted": false
                    },
                    "deposed": [],
                    "provider": "provider.aws"
                },
                "aws_security_group_rule.master-egress": {
                    "type": "aws_security_group_rule",
                    "depends_on": [
                        "aws_security_group.masters-devbootcamp-com"
                    ],
                    "primary": {
                        "id": "sgrule-846172175",
                        "attributes": {
                            "cidr_blocks.#": "1",
                            "cidr_blocks.0": "0.0.0.0/0",
                            "from_port": "0",
                            "id": "sgrule-846172175",
                            "protocol": "-1",
                            "security_group_id": "sg-0e53d40f2754ab091",
                            "self": "false",
                            "to_port": "0",
                            "type": "egress"
                        },
                        "meta": {
                            "schema_version": "2"
                        },
                        "tainted": false
                    },
                    "deposed": [],
                    "provider": "provider.aws"
                },
                "aws_security_group_rule.node-egress": {
                    "type": "aws_security_group_rule",
                    "depends_on": [
                        "aws_security_group.nodes-devbootcamp-com"
                    ],
                    "primary": {
                        "id": "sgrule-3962670919",
                        "attributes": {
                            "cidr_blocks.#": "1",
                            "cidr_blocks.0": "0.0.0.0/0",
                            "from_port": "0",
                            "id": "sgrule-3962670919",
                            "protocol": "-1",
                            "security_group_id": "sg-0c1bb4548d571e7d2",
                            "self": "false",
                            "to_port": "0",
                            "type": "egress"
                        },
                        "meta": {
                            "schema_version": "2"
                        },
                        "tainted": false
                    },
                    "deposed": [],
                    "provider": "provider.aws"
                },
                "aws_security_group_rule.node-to-master-tcp-1-2379": {
                    "type": "aws_security_group_rule",
                    "depends_on": [
                        "aws_security_group.masters-devbootcamp-com",
                        "aws_security_group.nodes-devbootcamp-com"
                    ],
                    "primary": {
                        "id": "sgrule-1261403391",
                        "attributes": {
                            "from_port": "1",
                            "id": "sgrule-1261403391",
                            "protocol": "tcp",
                            "security_group_id": "sg-0e53d40f2754ab091",
                            "self": "false",
                            "source_security_group_id": "sg-0c1bb4548d571e7d2",
                            "to_port": "2379",
                            "type": "ingress"
                        },
                        "meta": {
                            "schema_version": "2"
                        },
                        "tainted": false
                    },
                    "deposed": [],
                    "provider": "provider.aws"
                },
                "aws_security_group_rule.node-to-master-tcp-2382-4000": {
                    "type": "aws_security_group_rule",
                    "depends_on": [
                        "aws_security_group.masters-devbootcamp-com",
                        "aws_security_group.nodes-devbootcamp-com"
                    ],
                    "primary": {
                        "id": "sgrule-441185612",
                        "attributes": {
                            "from_port": "2382",
                            "id": "sgrule-441185612",
                            "protocol": "tcp",
                            "security_group_id": "sg-0e53d40f2754ab091",
                            "self": "false",
                            "source_security_group_id": "sg-0c1bb4548d571e7d2",
                            "to_port": "4000",
                            "type": "ingress"
                        },
                        "meta": {
                            "schema_version": "2"
                        },
                        "tainted": false
                    },
                    "deposed": [],
                    "provider": "provider.aws"
                },
                "aws_security_group_rule.node-to-master-tcp-4003-65535": {
                    "type": "aws_security_group_rule",
                    "depends_on": [
                        "aws_security_group.masters-devbootcamp-com",
                        "aws_security_group.nodes-devbootcamp-com"
                    ],
                    "primary": {
                        "id": "sgrule-2600036550",
                        "attributes": {
                            "from_port": "4003",
                            "id": "sgrule-2600036550",
                            "protocol": "tcp",
                            "security_group_id": "sg-0e53d40f2754ab091",
                            "self": "false",
                            "source_security_group_id": "sg-0c1bb4548d571e7d2",
                            "to_port": "65535",
                            "type": "ingress"
                        },
                        "meta": {
                            "schema_version": "2"
                        },
                        "tainted": false
                    },
                    "deposed": [],
                    "provider": "provider.aws"
                },
                "aws_security_group_rule.node-to-master-udp-1-65535": {
                    "type": "aws_security_group_rule",
                    "depends_on": [
                        "aws_security_group.masters-devbootcamp-com",
                        "aws_security_group.nodes-devbootcamp-com"
                    ],
                    "primary": {
                        "id": "sgrule-1437137737",
                        "attributes": {
                            "from_port": "1",
                            "id": "sgrule-1437137737",
                            "protocol": "udp",
                            "security_group_id": "sg-0e53d40f2754ab091",
                            "self": "false",
                            "source_security_group_id": "sg-0c1bb4548d571e7d2",
                            "to_port": "65535",
                            "type": "ingress"
                        },
                        "meta": {
                            "schema_version": "2"
                        },
                        "tainted": false
                    },
                    "deposed": [],
                    "provider": "provider.aws"
                },
                "aws_security_group_rule.ssh-elb-to-bastion": {
                    "type": "aws_security_group_rule",
                    "depends_on": [
                        "aws_security_group.bastion-devbootcamp-com",
                        "aws_security_group.bastion-elb-devbootcamp-com"
                    ],
                    "primary": {
                        "id": "sgrule-1669156361",
                        "attributes": {
                            "from_port": "22",
                            "id": "sgrule-1669156361",
                            "protocol": "tcp",
                            "security_group_id": "sg-0eeb67197a2378a7c",
                            "self": "false",
                            "source_security_group_id": "sg-0fe3c0ed77f20e61d",
                            "to_port": "22",
                            "type": "ingress"
                        },
                        "meta": {
                            "schema_version": "2"
                        },
                        "tainted": false
                    },
                    "deposed": [],
                    "provider": "provider.aws"
                },
                "aws_security_group_rule.ssh-external-to-bastion-elb-0-0-0-0--0": {
                    "type": "aws_security_group_rule",
                    "depends_on": [
                        "aws_security_group.bastion-elb-devbootcamp-com"
                    ],
                    "primary": {
                        "id": "sgrule-3070440145",
                        "attributes": {
                            "cidr_blocks.#": "1",
                            "cidr_blocks.0": "0.0.0.0/0",
                            "from_port": "22",
                            "id": "sgrule-3070440145",
                            "protocol": "tcp",
                            "security_group_id": "sg-0fe3c0ed77f20e61d",
                            "self": "false",
                            "to_port": "22",
                            "type": "ingress"
                        },
                        "meta": {
                            "schema_version": "2"
                        },
                        "tainted": false
                    },
                    "deposed": [],
                    "provider": "provider.aws"
                },
                "aws_subnet.eu-west-1a-devbootcamp-com": {
                    "type": "aws_subnet",
                    "depends_on": [
                        "aws_vpc.devbootcamp-com"
                    ],
                    "primary": {
                        "id": "subnet-086c7d9739d6dbeca",
                        "attributes": {
                            "arn": "arn:aws:ec2:eu-west-1:713287746880:subnet/subnet-086c7d9739d6dbeca",
                            "assign_ipv6_address_on_creation": "false",
                            "availability_zone": "eu-west-1a",
                            "availability_zone_id": "euw1-az3",
                            "cidr_block": "172.20.32.0/19",
                            "id": "subnet-086c7d9739d6dbeca",
                            "ipv6_cidr_block": "",
                            "ipv6_cidr_block_association_id": "",
                            "map_public_ip_on_launch": "false",
                            "owner_id": "713287746880",
                            "tags.%": "5",
                            "tags.KubernetesCluster": "devbootcamp.com",
                            "tags.Name": "eu-west-1a.devbootcamp.com",
                            "tags.SubnetType": "Private",
                            "tags.kubernetes.io/cluster/devbootcamp.com": "owned",
                            "tags.kubernetes.io/role/internal-elb": "1",
                            "vpc_id": "vpc-07731b3b065dc282d"
                        },
                        "meta": {
                            "e2bfb730-ecaa-11e6-8f88-34363bc7c4c0": {
                                "create": 600000000000,
                                "delete": 1200000000000
                            },
                            "schema_version": "1"
                        },
                        "tainted": false
                    },
                    "deposed": [],
                    "provider": "provider.aws"
                },
                "aws_subnet.eu-west-1b-devbootcamp-com": {
                    "type": "aws_subnet",
                    "depends_on": [
                        "aws_vpc.devbootcamp-com"
                    ],
                    "primary": {
                        "id": "subnet-08d538798b67fa850",
                        "attributes": {
                            "arn": "arn:aws:ec2:eu-west-1:713287746880:subnet/subnet-08d538798b67fa850",
                            "assign_ipv6_address_on_creation": "false",
                            "availability_zone": "eu-west-1b",
                            "availability_zone_id": "euw1-az1",
                            "cidr_block": "172.20.64.0/19",
                            "id": "subnet-08d538798b67fa850",
                            "ipv6_cidr_block": "",
                            "ipv6_cidr_block_association_id": "",
                            "map_public_ip_on_launch": "false",
                            "owner_id": "713287746880",
                            "tags.%": "5",
                            "tags.KubernetesCluster": "devbootcamp.com",
                            "tags.Name": "eu-west-1b.devbootcamp.com",
                            "tags.SubnetType": "Private",
                            "tags.kubernetes.io/cluster/devbootcamp.com": "owned",
                            "tags.kubernetes.io/role/internal-elb": "1",
                            "vpc_id": "vpc-07731b3b065dc282d"
                        },
                        "meta": {
                            "e2bfb730-ecaa-11e6-8f88-34363bc7c4c0": {
                                "create": 600000000000,
                                "delete": 1200000000000
                            },
                            "schema_version": "1"
                        },
                        "tainted": false
                    },
                    "deposed": [],
                    "provider": "provider.aws"
                },
                "aws_subnet.eu-west-1c-devbootcamp-com": {
                    "type": "aws_subnet",
                    "depends_on": [
                        "aws_vpc.devbootcamp-com"
                    ],
                    "primary": {
                        "id": "subnet-0c1ea0d0851409c44",
                        "attributes": {
                            "arn": "arn:aws:ec2:eu-west-1:713287746880:subnet/subnet-0c1ea0d0851409c44",
                            "assign_ipv6_address_on_creation": "false",
                            "availability_zone": "eu-west-1c",
                            "availability_zone_id": "euw1-az2",
                            "cidr_block": "172.20.96.0/19",
                            "id": "subnet-0c1ea0d0851409c44",
                            "ipv6_cidr_block": "",
                            "ipv6_cidr_block_association_id": "",
                            "map_public_ip_on_launch": "false",
                            "owner_id": "713287746880",
                            "tags.%": "5",
                            "tags.KubernetesCluster": "devbootcamp.com",
                            "tags.Name": "eu-west-1c.devbootcamp.com",
                            "tags.SubnetType": "Private",
                            "tags.kubernetes.io/cluster/devbootcamp.com": "owned",
                            "tags.kubernetes.io/role/internal-elb": "1",
                            "vpc_id": "vpc-07731b3b065dc282d"
                        },
                        "meta": {
                            "e2bfb730-ecaa-11e6-8f88-34363bc7c4c0": {
                                "create": 600000000000,
                                "delete": 1200000000000
                            },
                            "schema_version": "1"
                        },
                        "tainted": false
                    },
                    "deposed": [],
                    "provider": "provider.aws"
                },
                "aws_subnet.utility-eu-west-1a-devbootcamp-com": {
                    "type": "aws_subnet",
                    "depends_on": [
                        "aws_vpc.devbootcamp-com"
                    ],
                    "primary": {
                        "id": "subnet-061b5cb603f271f28",
                        "attributes": {
                            "arn": "arn:aws:ec2:eu-west-1:713287746880:subnet/subnet-061b5cb603f271f28",
                            "assign_ipv6_address_on_creation": "false",
                            "availability_zone": "eu-west-1a",
                            "availability_zone_id": "euw1-az3",
                            "cidr_block": "172.20.0.0/22",
                            "id": "subnet-061b5cb603f271f28",
                            "ipv6_cidr_block": "",
                            "ipv6_cidr_block_association_id": "",
                            "map_public_ip_on_launch": "false",
                            "owner_id": "713287746880",
                            "tags.%": "5",
                            "tags.KubernetesCluster": "devbootcamp.com",
                            "tags.Name": "utility-eu-west-1a.devbootcamp.com",
                            "tags.SubnetType": "Utility",
                            "tags.kubernetes.io/cluster/devbootcamp.com": "owned",
                            "tags.kubernetes.io/role/elb": "1",
                            "vpc_id": "vpc-07731b3b065dc282d"
                        },
                        "meta": {
                            "e2bfb730-ecaa-11e6-8f88-34363bc7c4c0": {
                                "create": 600000000000,
                                "delete": 1200000000000
                            },
                            "schema_version": "1"
                        },
                        "tainted": false
                    },
                    "deposed": [],
                    "provider": "provider.aws"
                },
                "aws_subnet.utility-eu-west-1b-devbootcamp-com": {
                    "type": "aws_subnet",
                    "depends_on": [
                        "aws_vpc.devbootcamp-com"
                    ],
                    "primary": {
                        "id": "subnet-051feb8679a1b0327",
                        "attributes": {
                            "arn": "arn:aws:ec2:eu-west-1:713287746880:subnet/subnet-051feb8679a1b0327",
                            "assign_ipv6_address_on_creation": "false",
                            "availability_zone": "eu-west-1b",
                            "availability_zone_id": "euw1-az1",
                            "cidr_block": "172.20.4.0/22",
                            "id": "subnet-051feb8679a1b0327",
                            "ipv6_cidr_block": "",
                            "ipv6_cidr_block_association_id": "",
                            "map_public_ip_on_launch": "false",
                            "owner_id": "713287746880",
                            "tags.%": "5",
                            "tags.KubernetesCluster": "devbootcamp.com",
                            "tags.Name": "utility-eu-west-1b.devbootcamp.com",
                            "tags.SubnetType": "Utility",
                            "tags.kubernetes.io/cluster/devbootcamp.com": "owned",
                            "tags.kubernetes.io/role/elb": "1",
                            "vpc_id": "vpc-07731b3b065dc282d"
                        },
                        "meta": {
                            "e2bfb730-ecaa-11e6-8f88-34363bc7c4c0": {
                                "create": 600000000000,
                                "delete": 1200000000000
                            },
                            "schema_version": "1"
                        },
                        "tainted": false
                    },
                    "deposed": [],
                    "provider": "provider.aws"
                },
                "aws_subnet.utility-eu-west-1c-devbootcamp-com": {
                    "type": "aws_subnet",
                    "depends_on": [
                        "aws_vpc.devbootcamp-com"
                    ],
                    "primary": {
                        "id": "subnet-0a3a20fbe6ff1ed52",
                        "attributes": {
                            "arn": "arn:aws:ec2:eu-west-1:713287746880:subnet/subnet-0a3a20fbe6ff1ed52",
                            "assign_ipv6_address_on_creation": "false",
                            "availability_zone": "eu-west-1c",
                            "availability_zone_id": "euw1-az2",
                            "cidr_block": "172.20.8.0/22",
                            "id": "subnet-0a3a20fbe6ff1ed52",
                            "ipv6_cidr_block": "",
                            "ipv6_cidr_block_association_id": "",
                            "map_public_ip_on_launch": "false",
                            "owner_id": "713287746880",
                            "tags.%": "5",
                            "tags.KubernetesCluster": "devbootcamp.com",
                            "tags.Name": "utility-eu-west-1c.devbootcamp.com",
                            "tags.SubnetType": "Utility",
                            "tags.kubernetes.io/cluster/devbootcamp.com": "owned",
                            "tags.kubernetes.io/role/elb": "1",
                            "vpc_id": "vpc-07731b3b065dc282d"
                        },
                        "meta": {
                            "e2bfb730-ecaa-11e6-8f88-34363bc7c4c0": {
                                "create": 600000000000,
                                "delete": 1200000000000
                            },
                            "schema_version": "1"
                        },
                        "tainted": false
                    },
                    "deposed": [],
                    "provider": "provider.aws"
                },
                "aws_vpc.devbootcamp-com": {
                    "type": "aws_vpc",
                    "depends_on": [],
                    "primary": {
                        "id": "vpc-07731b3b065dc282d",
                        "attributes": {
                            "arn": "arn:aws:ec2:eu-west-1:713287746880:vpc/vpc-07731b3b065dc282d",
                            "assign_generated_ipv6_cidr_block": "false",
                            "cidr_block": "172.20.0.0/16",
                            "default_network_acl_id": "acl-0e5265b7c75bb29e8",
                            "default_route_table_id": "rtb-078dd7f6338e7981b",
                            "default_security_group_id": "sg-08f056cbfbe268fc2",
                            "dhcp_options_id": "dopt-3334a555",
                            "enable_classiclink": "false",
                            "enable_classiclink_dns_support": "false",
                            "enable_dns_hostnames": "true",
                            "enable_dns_support": "true",
                            "id": "vpc-07731b3b065dc282d",
                            "instance_tenancy": "default",
                            "ipv6_association_id": "",
                            "ipv6_cidr_block": "",
                            "main_route_table_id": "rtb-078dd7f6338e7981b",
                            "owner_id": "713287746880",
                            "tags.%": "3",
                            "tags.KubernetesCluster": "devbootcamp.com",
                            "tags.Name": "devbootcamp.com",
                            "tags.kubernetes.io/cluster/devbootcamp.com": "owned"
                        },
                        "meta": {
                            "schema_version": "1"
                        },
                        "tainted": false
                    },
                    "deposed": [],
                    "provider": "provider.aws"
                },
                "aws_vpc_dhcp_options.devbootcamp-com": {
                    "type": "aws_vpc_dhcp_options",
                    "depends_on": [],
                    "primary": {
                        "id": "dopt-0b8ade671c36153af",
                        "attributes": {
                            "domain_name": "eu-west-1.compute.internal",
                            "domain_name_servers.#": "1",
                            "domain_name_servers.0": "AmazonProvidedDNS",
                            "id": "dopt-0b8ade671c36153af",
                            "owner_id": "713287746880",
                            "tags.%": "3",
                            "tags.KubernetesCluster": "devbootcamp.com",
                            "tags.Name": "devbootcamp.com",
                            "tags.kubernetes.io/cluster/devbootcamp.com": "owned"
                        },
                        "meta": {},
                        "tainted": false
                    },
                    "deposed": [],
                    "provider": "provider.aws"
                },
                "aws_vpc_dhcp_options_association.devbootcamp-com": {
                    "type": "aws_vpc_dhcp_options_association",
                    "depends_on": [
                        "aws_vpc.devbootcamp-com",
                        "aws_vpc_dhcp_options.devbootcamp-com"
                    ],
                    "primary": {
                        "id": "dopt-0b8ade671c36153af-vpc-07731b3b065dc282d",
                        "attributes": {
                            "dhcp_options_id": "dopt-0b8ade671c36153af",
                            "id": "dopt-0b8ade671c36153af-vpc-07731b3b065dc282d",
                            "vpc_id": "vpc-07731b3b065dc282d"
                        },
                        "meta": {},
                        "tainted": false
                    },
                    "deposed": [],
                    "provider": "provider.aws"
                }
            },
            "depends_on": []
        }
    ]
}
